// !$*UTF8*$!
{
	archiveVersion = 1;
	classes = {
	};
	objectVersion = 55;
	objects = {

/* Begin PBXBuildFile section */
		689470FE2754CCB500E91310 /* PullListView.m in Sources */ = {isa = PBXBuildFile; fileRef = 689470FD2754CCB500E91310 /* PullListView.m */; };
		68BB363B276749EC0014AF89 /* DynamsoftBarcodeReader.framework in Frameworks */ = {isa = PBXBuildFile; fileRef = 68BB3639276749EC0014AF89 /* DynamsoftBarcodeReader.framework */; };
		68BB363C276749EC0014AF89 /* DynamsoftBarcodeReader.framework in Embed Frameworks */ = {isa = PBXBuildFile; fileRef = 68BB3639276749EC0014AF89 /* DynamsoftBarcodeReader.framework */; settings = {ATTRIBUTES = (CodeSignOnCopy, RemoveHeadersOnCopy, ); }; };
		68BB363D276749EC0014AF89 /* DynamsoftCameraEnhancer.framework in Frameworks */ = {isa = PBXBuildFile; fileRef = 68BB363A276749EC0014AF89 /* DynamsoftCameraEnhancer.framework */; };
		68BB363E276749EC0014AF89 /* DynamsoftCameraEnhancer.framework in Embed Frameworks */ = {isa = PBXBuildFile; fileRef = 68BB363A276749EC0014AF89 /* DynamsoftCameraEnhancer.framework */; settings = {ATTRIBUTES = (CodeSignOnCopy, RemoveHeadersOnCopy, ); }; };
		68C4692A274F8B5900AA1DB1 /* AppDelegate.m in Sources */ = {isa = PBXBuildFile; fileRef = 68C46929274F8B5900AA1DB1 /* AppDelegate.m */; };
		68C46933274F8B5900AA1DB1 /* Main.storyboard in Resources */ = {isa = PBXBuildFile; fileRef = 68C46931274F8B5900AA1DB1 /* Main.storyboard */; };
		68C46935274F8B5A00AA1DB1 /* Assets.xcassets in Resources */ = {isa = PBXBuildFile; fileRef = 68C46934274F8B5A00AA1DB1 /* Assets.xcassets */; };
		68C46938274F8B5A00AA1DB1 /* LaunchScreen.storyboard in Resources */ = {isa = PBXBuildFile; fileRef = 68C46936274F8B5A00AA1DB1 /* LaunchScreen.storyboard */; };
		68C4693B274F8B5B00AA1DB1 /* main.m in Sources */ = {isa = PBXBuildFile; fileRef = 68C4693A274F8B5B00AA1DB1 /* main.m */; };
		68C46943274F8BFB00AA1DB1 /* MainViewController.m in Sources */ = {isa = PBXBuildFile; fileRef = 68C46942274F8BFB00AA1DB1 /* MainViewController.m */; };
		68C46949274F8C4500AA1DB1 /* BaseViewController.m in Sources */ = {isa = PBXBuildFile; fileRef = 68C46945274F8C4500AA1DB1 /* BaseViewController.m */; };
		68C4694A274F8C4500AA1DB1 /* BaseNavigationController.m in Sources */ = {isa = PBXBuildFile; fileRef = 68C46946274F8C4500AA1DB1 /* BaseNavigationController.m */; };
		68C46996274F8CCD00AA1DB1 /* torch_on@3x.png in Resources */ = {isa = PBXBuildFile; fileRef = 68C46951274F8CCD00AA1DB1 /* torch_on@3x.png */; };
		68C46997274F8CCD00AA1DB1 /* icon_setting@2x.png in Resources */ = {isa = PBXBuildFile; fileRef = 68C46952274F8CCD00AA1DB1 /* icon_setting@2x.png */; };
		68C46998274F8CCD00AA1DB1 /* icon_setting@3x.png in Resources */ = {isa = PBXBuildFile; fileRef = 68C46953274F8CCD00AA1DB1 /* icon_setting@3x.png */; };
		68C46999274F8CCD00AA1DB1 /* torch_on@2x.png in Resources */ = {isa = PBXBuildFile; fileRef = 68C46954274F8CCD00AA1DB1 /* torch_on@2x.png */; };
		68C4699B274F8CCD00AA1DB1 /* icon_question@3x.png in Resources */ = {isa = PBXBuildFile; fileRef = 68C46956274F8CCD00AA1DB1 /* icon_question@3x.png */; };
		68C4699C274F8CCD00AA1DB1 /* icon_question@2x.png in Resources */ = {isa = PBXBuildFile; fileRef = 68C46957274F8CCD00AA1DB1 /* icon_question@2x.png */; };
		68C4699E274F8CCD00AA1DB1 /* torch_off@3x.png in Resources */ = {isa = PBXBuildFile; fileRef = 68C46959274F8CCD00AA1DB1 /* torch_off@3x.png */; };
		68C4699F274F8CCD00AA1DB1 /* select_down@2x.png in Resources */ = {isa = PBXBuildFile; fileRef = 68C4695A274F8CCD00AA1DB1 /* select_down@2x.png */; };
		68C469A0274F8CCD00AA1DB1 /* checked@3x.png in Resources */ = {isa = PBXBuildFile; fileRef = 68C4695B274F8CCD00AA1DB1 /* checked@3x.png */; };
		68C469A5274F8CCD00AA1DB1 /* scan_line.png in Resources */ = {isa = PBXBuildFile; fileRef = 68C46960274F8CCD00AA1DB1 /* scan_line.png */; };
		68C469A6274F8CCD00AA1DB1 /* select_down@3x.png in Resources */ = {isa = PBXBuildFile; fileRef = 68C46961274F8CCD00AA1DB1 /* select_down@3x.png */; };
		68C469A7274F8CCD00AA1DB1 /* checked@2x.png in Resources */ = {isa = PBXBuildFile; fileRef = 68C46962274F8CCD00AA1DB1 /* checked@2x.png */; };
		68C469A8274F8CCD00AA1DB1 /* torch_off@2x.png in Resources */ = {isa = PBXBuildFile; fileRef = 68C46963274F8CCD00AA1DB1 /* torch_off@2x.png */; };
		68C469A9274F8CCD00AA1DB1 /* ToolsHandle.m in Sources */ = {isa = PBXBuildFile; fileRef = 68C46966274F8CCD00AA1DB1 /* ToolsHandle.m */; };
		68C469AA274F8CCD00AA1DB1 /* GeneralSettingsHandle.m in Sources */ = {isa = PBXBuildFile; fileRef = 68C46967274F8CCD00AA1DB1 /* GeneralSettingsHandle.m */; };
		68C469AB274F8CCD00AA1DB1 /* UIView+FrameAdditions.m in Sources */ = {isa = PBXBuildFile; fileRef = 68C46970274F8CCD00AA1DB1 /* UIView+FrameAdditions.m */; };
		68C469AC274F8CCD00AA1DB1 /* ViewSettingsViewController.m in Sources */ = {isa = PBXBuildFile; fileRef = 68C46974274F8CCD00AA1DB1 /* ViewSettingsViewController.m */; };
		68C469AD274F8CCD00AA1DB1 /* SettingsViewController.m in Sources */ = {isa = PBXBuildFile; fileRef = 68C46977274F8CCD00AA1DB1 /* SettingsViewController.m */; };
		68C469AE274F8CCD00AA1DB1 /* BasicTextTableViewCell.m in Sources */ = {isa = PBXBuildFile; fileRef = 68C4697A274F8CCD00AA1DB1 /* BasicTextTableViewCell.m */; };
		68C469AF274F8CCD00AA1DB1 /* BasicSwitchTableViewCell.m in Sources */ = {isa = PBXBuildFile; fileRef = 68C4697C274F8CCD00AA1DB1 /* BasicSwitchTableViewCell.m */; };
		68C469B0274F8CCD00AA1DB1 /* BasicOptionalTableViewCell.m in Sources */ = {isa = PBXBuildFile; fileRef = 68C4697D274F8CCD00AA1DB1 /* BasicOptionalTableViewCell.m */; };
		68C469B1274F8CCD00AA1DB1 /* BasicTableViewCell.m in Sources */ = {isa = PBXBuildFile; fileRef = 68C46980274F8CCD00AA1DB1 /* BasicTableViewCell.m */; };
		68C469B2274F8CCD00AA1DB1 /* BarcodeSettingsViewController.m in Sources */ = {isa = PBXBuildFile; fileRef = 68C46984274F8CCD00AA1DB1 /* BarcodeSettingsViewController.m */; };
		68C469B3274F8CCD00AA1DB1 /* BarcodeSubDetailViewController.m in Sources */ = {isa = PBXBuildFile; fileRef = 68C46986274F8CCD00AA1DB1 /* BarcodeSubDetailViewController.m */; };
		68C469B4274F8CCD00AA1DB1 /* BarcodeFormatDetailViewController.m in Sources */ = {isa = PBXBuildFile; fileRef = 68C46988274F8CCD00AA1DB1 /* BarcodeFormatDetailViewController.m */; };
		68C469B5274F8CCD00AA1DB1 /* DecodeResultsView.m in Sources */ = {isa = PBXBuildFile; fileRef = 68C4698A274F8CCD00AA1DB1 /* DecodeResultsView.m */; };
		68C469B6274F8CCD00AA1DB1 /* DecodeResultsCentreTableViewCell.m in Sources */ = {isa = PBXBuildFile; fileRef = 68C4698D274F8CCD00AA1DB1 /* DecodeResultsCentreTableViewCell.m */; };
		68C469B7274F8CCD00AA1DB1 /* CameraSettingsViewController.m in Sources */ = {isa = PBXBuildFile; fileRef = 68C46990274F8CCD00AA1DB1 /* CameraSettingsViewController.m */; };
		68C469CB2750802C00AA1DB1 /* DecodeResultsBottomTableViewCell.m in Sources */ = {isa = PBXBuildFile; fileRef = 68C469CA2750802C00AA1DB1 /* DecodeResultsBottomTableViewCell.m */; };
		68C469CE2750D1B300AA1DB1 /* BasicPullTableViewCell.m in Sources */ = {isa = PBXBuildFile; fileRef = 68C469CD2750D1B300AA1DB1 /* BasicPullTableViewCell.m */; };
/* End PBXBuildFile section */

/* Begin PBXCopyFilesBuildPhase section */
		68C469C6274F8F9400AA1DB1 /* Embed Frameworks */ = {
			isa = PBXCopyFilesBuildPhase;
			buildActionMask = 2147483647;
			dstPath = "";
			dstSubfolderSpec = 10;
			files = (
				68BB363C276749EC0014AF89 /* DynamsoftBarcodeReader.framework in Embed Frameworks */,
				68BB363E276749EC0014AF89 /* DynamsoftCameraEnhancer.framework in Embed Frameworks */,
			);
			name = "Embed Frameworks";
			runOnlyForDeploymentPostprocessing = 0;
		};
/* End PBXCopyFilesBuildPhase section */

/* Begin PBXFileReference section */
		689470FC2754CCB500E91310 /* PullListView.h */ = {isa = PBXFileReference; lastKnownFileType = sourcecode.c.h; path = PullListView.h; sourceTree = "<group>"; };
		689470FD2754CCB500E91310 /* PullListView.m */ = {isa = PBXFileReference; lastKnownFileType = sourcecode.c.objc; path = PullListView.m; sourceTree = "<group>"; };
		68BB3639276749EC0014AF89 /* DynamsoftBarcodeReader.framework */ = {isa = PBXFileReference; lastKnownFileType = wrapper.framework; name = DynamsoftBarcodeReader.framework; path = ../../../../Frameworks/DynamsoftBarcodeReader.framework; sourceTree = "<group>"; };
		68BB363A276749EC0014AF89 /* DynamsoftCameraEnhancer.framework */ = {isa = PBXFileReference; lastKnownFileType = wrapper.framework; name = DynamsoftCameraEnhancer.framework; path = ../../../../Frameworks/DynamsoftCameraEnhancer.framework; sourceTree = "<group>"; };
		68C46925274F8B5900AA1DB1 /* GeneralSettingsObjC.app */ = {isa = PBXFileReference; explicitFileType = wrapper.application; includeInIndex = 0; path = GeneralSettingsObjC.app; sourceTree = BUILT_PRODUCTS_DIR; };
		68C46928274F8B5900AA1DB1 /* AppDelegate.h */ = {isa = PBXFileReference; lastKnownFileType = sourcecode.c.h; path = AppDelegate.h; sourceTree = "<group>"; };
		68C46929274F8B5900AA1DB1 /* AppDelegate.m */ = {isa = PBXFileReference; lastKnownFileType = sourcecode.c.objc; path = AppDelegate.m; sourceTree = "<group>"; };
		68C46932274F8B5900AA1DB1 /* Base */ = {isa = PBXFileReference; lastKnownFileType = file.storyboard; name = Base; path = Base.lproj/Main.storyboard; sourceTree = "<group>"; };
		68C46934274F8B5A00AA1DB1 /* Assets.xcassets */ = {isa = PBXFileReference; lastKnownFileType = folder.assetcatalog; path = Assets.xcassets; sourceTree = "<group>"; };
		68C46937274F8B5A00AA1DB1 /* Base */ = {isa = PBXFileReference; lastKnownFileType = file.storyboard; name = Base; path = Base.lproj/LaunchScreen.storyboard; sourceTree = "<group>"; };
		68C46939274F8B5A00AA1DB1 /* Info.plist */ = {isa = PBXFileReference; lastKnownFileType = text.plist.xml; path = Info.plist; sourceTree = "<group>"; };
		68C4693A274F8B5B00AA1DB1 /* main.m */ = {isa = PBXFileReference; lastKnownFileType = sourcecode.c.objc; path = main.m; sourceTree = "<group>"; };
		68C46941274F8BFB00AA1DB1 /* MainViewController.h */ = {isa = PBXFileReference; fileEncoding = 4; lastKnownFileType = sourcecode.c.h; path = MainViewController.h; sourceTree = "<group>"; };
		68C46942274F8BFB00AA1DB1 /* MainViewController.m */ = {isa = PBXFileReference; fileEncoding = 4; lastKnownFileType = sourcecode.c.objc; path = MainViewController.m; sourceTree = "<group>"; };
		68C46945274F8C4500AA1DB1 /* BaseViewController.m */ = {isa = PBXFileReference; fileEncoding = 4; lastKnownFileType = sourcecode.c.objc; path = BaseViewController.m; sourceTree = "<group>"; };
		68C46946274F8C4500AA1DB1 /* BaseNavigationController.m */ = {isa = PBXFileReference; fileEncoding = 4; lastKnownFileType = sourcecode.c.objc; path = BaseNavigationController.m; sourceTree = "<group>"; };
		68C46947274F8C4500AA1DB1 /* BaseNavigationController.h */ = {isa = PBXFileReference; fileEncoding = 4; lastKnownFileType = sourcecode.c.h; path = BaseNavigationController.h; sourceTree = "<group>"; };
		68C46948274F8C4500AA1DB1 /* BaseViewController.h */ = {isa = PBXFileReference; fileEncoding = 4; lastKnownFileType = sourcecode.c.h; path = BaseViewController.h; sourceTree = "<group>"; };
		68C46951274F8CCD00AA1DB1 /* torch_on@3x.png */ = {isa = PBXFileReference; lastKnownFileType = image.png; path = "torch_on@3x.png"; sourceTree = "<group>"; };
		68C46952274F8CCD00AA1DB1 /* icon_setting@2x.png */ = {isa = PBXFileReference; lastKnownFileType = image.png; path = "icon_setting@2x.png"; sourceTree = "<group>"; };
		68C46953274F8CCD00AA1DB1 /* icon_setting@3x.png */ = {isa = PBXFileReference; lastKnownFileType = image.png; path = "icon_setting@3x.png"; sourceTree = "<group>"; };
		68C46954274F8CCD00AA1DB1 /* torch_on@2x.png */ = {isa = PBXFileReference; lastKnownFileType = image.png; path = "torch_on@2x.png"; sourceTree = "<group>"; };
		68C46956274F8CCD00AA1DB1 /* icon_question@3x.png */ = {isa = PBXFileReference; lastKnownFileType = image.png; path = "icon_question@3x.png"; sourceTree = "<group>"; };
		68C46957274F8CCD00AA1DB1 /* icon_question@2x.png */ = {isa = PBXFileReference; lastKnownFileType = image.png; path = "icon_question@2x.png"; sourceTree = "<group>"; };
		68C46959274F8CCD00AA1DB1 /* torch_off@3x.png */ = {isa = PBXFileReference; lastKnownFileType = image.png; path = "torch_off@3x.png"; sourceTree = "<group>"; };
		68C4695A274F8CCD00AA1DB1 /* select_down@2x.png */ = {isa = PBXFileReference; lastKnownFileType = image.png; path = "select_down@2x.png"; sourceTree = "<group>"; };
		68C4695B274F8CCD00AA1DB1 /* checked@3x.png */ = {isa = PBXFileReference; lastKnownFileType = image.png; path = "checked@3x.png"; sourceTree = "<group>"; };
		68C46960274F8CCD00AA1DB1 /* scan_line.png */ = {isa = PBXFileReference; lastKnownFileType = image.png; path = scan_line.png; sourceTree = "<group>"; };
		68C46961274F8CCD00AA1DB1 /* select_down@3x.png */ = {isa = PBXFileReference; lastKnownFileType = image.png; path = "select_down@3x.png"; sourceTree = "<group>"; };
		68C46962274F8CCD00AA1DB1 /* checked@2x.png */ = {isa = PBXFileReference; lastKnownFileType = image.png; path = "checked@2x.png"; sourceTree = "<group>"; };
		68C46963274F8CCD00AA1DB1 /* torch_off@2x.png */ = {isa = PBXFileReference; lastKnownFileType = image.png; path = "torch_off@2x.png"; sourceTree = "<group>"; };
		68C46966274F8CCD00AA1DB1 /* ToolsHandle.m */ = {isa = PBXFileReference; fileEncoding = 4; lastKnownFileType = sourcecode.c.objc; path = ToolsHandle.m; sourceTree = "<group>"; };
		68C46967274F8CCD00AA1DB1 /* GeneralSettingsHandle.m */ = {isa = PBXFileReference; fileEncoding = 4; lastKnownFileType = sourcecode.c.objc; path = GeneralSettingsHandle.m; sourceTree = "<group>"; };
		68C46968274F8CCD00AA1DB1 /* GeneralSettingsHandle.h */ = {isa = PBXFileReference; fileEncoding = 4; lastKnownFileType = sourcecode.c.h; path = GeneralSettingsHandle.h; sourceTree = "<group>"; };
		68C46969274F8CCD00AA1DB1 /* ToolsHandle.h */ = {isa = PBXFileReference; fileEncoding = 4; lastKnownFileType = sourcecode.c.h; path = ToolsHandle.h; sourceTree = "<group>"; };
		68C4696B274F8CCD00AA1DB1 /* ToolsDefineHeader.h */ = {isa = PBXFileReference; fileEncoding = 4; lastKnownFileType = sourcecode.c.h; path = ToolsDefineHeader.h; sourceTree = "<group>"; };
		68C4696C274F8CCD00AA1DB1 /* UtilityHeader.h */ = {isa = PBXFileReference; fileEncoding = 4; lastKnownFileType = sourcecode.c.h; path = UtilityHeader.h; sourceTree = "<group>"; };
		68C4696D274F8CCD00AA1DB1 /* Dynamsoft.pch */ = {isa = PBXFileReference; fileEncoding = 4; lastKnownFileType = sourcecode.c.h; path = Dynamsoft.pch; sourceTree = "<group>"; };
		68C4696E274F8CCD00AA1DB1 /* PageTipsMicro.h */ = {isa = PBXFileReference; fileEncoding = 4; lastKnownFileType = sourcecode.c.h; path = PageTipsMicro.h; sourceTree = "<group>"; };
		68C46970274F8CCD00AA1DB1 /* UIView+FrameAdditions.m */ = {isa = PBXFileReference; fileEncoding = 4; lastKnownFileType = sourcecode.c.objc; path = "UIView+FrameAdditions.m"; sourceTree = "<group>"; };
		68C46971274F8CCD00AA1DB1 /* UIView+FrameAdditions.h */ = {isa = PBXFileReference; fileEncoding = 4; lastKnownFileType = sourcecode.c.h; path = "UIView+FrameAdditions.h"; sourceTree = "<group>"; };
		68C46974274F8CCD00AA1DB1 /* ViewSettingsViewController.m */ = {isa = PBXFileReference; fileEncoding = 4; lastKnownFileType = sourcecode.c.objc; path = ViewSettingsViewController.m; sourceTree = "<group>"; };
		68C46975274F8CCD00AA1DB1 /* ViewSettingsViewController.h */ = {isa = PBXFileReference; fileEncoding = 4; lastKnownFileType = sourcecode.c.h; path = ViewSettingsViewController.h; sourceTree = "<group>"; };
		68C46977274F8CCD00AA1DB1 /* SettingsViewController.m */ = {isa = PBXFileReference; fileEncoding = 4; lastKnownFileType = sourcecode.c.objc; path = SettingsViewController.m; sourceTree = "<group>"; };
		68C46978274F8CCD00AA1DB1 /* SettingsViewController.h */ = {isa = PBXFileReference; fileEncoding = 4; lastKnownFileType = sourcecode.c.h; path = SettingsViewController.h; sourceTree = "<group>"; };
		68C4697A274F8CCD00AA1DB1 /* BasicTextTableViewCell.m */ = {isa = PBXFileReference; fileEncoding = 4; lastKnownFileType = sourcecode.c.objc; path = BasicTextTableViewCell.m; sourceTree = "<group>"; };
		68C4697B274F8CCD00AA1DB1 /* BasicTableViewCell.h */ = {isa = PBXFileReference; fileEncoding = 4; lastKnownFileType = sourcecode.c.h; path = BasicTableViewCell.h; sourceTree = "<group>"; };
		68C4697C274F8CCD00AA1DB1 /* BasicSwitchTableViewCell.m */ = {isa = PBXFileReference; fileEncoding = 4; lastKnownFileType = sourcecode.c.objc; path = BasicSwitchTableViewCell.m; sourceTree = "<group>"; };
		68C4697D274F8CCD00AA1DB1 /* BasicOptionalTableViewCell.m */ = {isa = PBXFileReference; fileEncoding = 4; lastKnownFileType = sourcecode.c.objc; path = BasicOptionalTableViewCell.m; sourceTree = "<group>"; };
		68C4697E274F8CCD00AA1DB1 /* BasicTextTableViewCell.h */ = {isa = PBXFileReference; fileEncoding = 4; lastKnownFileType = sourcecode.c.h; path = BasicTextTableViewCell.h; sourceTree = "<group>"; };
		68C4697F274F8CCD00AA1DB1 /* BasicSwitchTableViewCell.h */ = {isa = PBXFileReference; fileEncoding = 4; lastKnownFileType = sourcecode.c.h; path = BasicSwitchTableViewCell.h; sourceTree = "<group>"; };
		68C46980274F8CCD00AA1DB1 /* BasicTableViewCell.m */ = {isa = PBXFileReference; fileEncoding = 4; lastKnownFileType = sourcecode.c.objc; path = BasicTableViewCell.m; sourceTree = "<group>"; };
		68C46981274F8CCD00AA1DB1 /* BasicOptionalTableViewCell.h */ = {isa = PBXFileReference; fileEncoding = 4; lastKnownFileType = sourcecode.c.h; path = BasicOptionalTableViewCell.h; sourceTree = "<group>"; };
		68C46983274F8CCD00AA1DB1 /* BarcodeSubDetailViewController.h */ = {isa = PBXFileReference; fileEncoding = 4; lastKnownFileType = sourcecode.c.h; path = BarcodeSubDetailViewController.h; sourceTree = "<group>"; };
		68C46984274F8CCD00AA1DB1 /* BarcodeSettingsViewController.m */ = {isa = PBXFileReference; fileEncoding = 4; lastKnownFileType = sourcecode.c.objc; path = BarcodeSettingsViewController.m; sourceTree = "<group>"; };
		68C46985274F8CCD00AA1DB1 /* BarcodeFormatDetailViewController.h */ = {isa = PBXFileReference; fileEncoding = 4; lastKnownFileType = sourcecode.c.h; path = BarcodeFormatDetailViewController.h; sourceTree = "<group>"; };
		68C46986274F8CCD00AA1DB1 /* BarcodeSubDetailViewController.m */ = {isa = PBXFileReference; fileEncoding = 4; lastKnownFileType = sourcecode.c.objc; path = BarcodeSubDetailViewController.m; sourceTree = "<group>"; };
		68C46987274F8CCD00AA1DB1 /* BarcodeSettingsViewController.h */ = {isa = PBXFileReference; fileEncoding = 4; lastKnownFileType = sourcecode.c.h; path = BarcodeSettingsViewController.h; sourceTree = "<group>"; };
		68C46988274F8CCD00AA1DB1 /* BarcodeFormatDetailViewController.m */ = {isa = PBXFileReference; fileEncoding = 4; lastKnownFileType = sourcecode.c.objc; path = BarcodeFormatDetailViewController.m; sourceTree = "<group>"; };
		68C4698A274F8CCD00AA1DB1 /* DecodeResultsView.m */ = {isa = PBXFileReference; fileEncoding = 4; lastKnownFileType = sourcecode.c.objc; path = DecodeResultsView.m; sourceTree = "<group>"; };
		68C4698C274F8CCD00AA1DB1 /* DecodeResultsCentreTableViewCell.h */ = {isa = PBXFileReference; fileEncoding = 4; lastKnownFileType = sourcecode.c.h; path = DecodeResultsCentreTableViewCell.h; sourceTree = "<group>"; };
		68C4698D274F8CCD00AA1DB1 /* DecodeResultsCentreTableViewCell.m */ = {isa = PBXFileReference; fileEncoding = 4; lastKnownFileType = sourcecode.c.objc; path = DecodeResultsCentreTableViewCell.m; sourceTree = "<group>"; };
		68C4698E274F8CCD00AA1DB1 /* DecodeResultsView.h */ = {isa = PBXFileReference; fileEncoding = 4; lastKnownFileType = sourcecode.c.h; path = DecodeResultsView.h; sourceTree = "<group>"; };
		68C46990274F8CCD00AA1DB1 /* CameraSettingsViewController.m */ = {isa = PBXFileReference; fileEncoding = 4; lastKnownFileType = sourcecode.c.objc; path = CameraSettingsViewController.m; sourceTree = "<group>"; };
		68C46991274F8CCD00AA1DB1 /* CameraSettingsViewController.h */ = {isa = PBXFileReference; fileEncoding = 4; lastKnownFileType = sourcecode.c.h; path = CameraSettingsViewController.h; sourceTree = "<group>"; };
		68C469C92750802C00AA1DB1 /* DecodeResultsBottomTableViewCell.h */ = {isa = PBXFileReference; lastKnownFileType = sourcecode.c.h; path = DecodeResultsBottomTableViewCell.h; sourceTree = "<group>"; };
		68C469CA2750802C00AA1DB1 /* DecodeResultsBottomTableViewCell.m */ = {isa = PBXFileReference; lastKnownFileType = sourcecode.c.objc; path = DecodeResultsBottomTableViewCell.m; sourceTree = "<group>"; };
		68C469CC2750D1B300AA1DB1 /* BasicPullTableViewCell.h */ = {isa = PBXFileReference; lastKnownFileType = sourcecode.c.h; path = BasicPullTableViewCell.h; sourceTree = "<group>"; };
		68C469CD2750D1B300AA1DB1 /* BasicPullTableViewCell.m */ = {isa = PBXFileReference; lastKnownFileType = sourcecode.c.objc; path = BasicPullTableViewCell.m; sourceTree = "<group>"; };
/* End PBXFileReference section */

/* Begin PBXFrameworksBuildPhase section */
		68C46922274F8B5900AA1DB1 /* Frameworks */ = {
			isa = PBXFrameworksBuildPhase;
			buildActionMask = 2147483647;
			files = (
				68BB363B276749EC0014AF89 /* DynamsoftBarcodeReader.framework in Frameworks */,
				68BB363D276749EC0014AF89 /* DynamsoftCameraEnhancer.framework in Frameworks */,
			);
			runOnlyForDeploymentPostprocessing = 0;
		};
/* End PBXFrameworksBuildPhase section */

/* Begin PBXGroup section */
		689470FB2754CC8300E91310 /* PullListView */ = {
			isa = PBXGroup;
			children = (
				689470FC2754CCB500E91310 /* PullListView.h */,
				689470FD2754CCB500E91310 /* PullListView.m */,
			);
			path = PullListView;
			sourceTree = "<group>";
		};
		68C4691C274F8B5900AA1DB1 = {
			isa = PBXGroup;
			children = (
				68C469B8274F8CDE00AA1DB1 /* Frameworks */,
				68C46927274F8B5900AA1DB1 /* GeneralSettings */,
				68C46926274F8B5900AA1DB1 /* Products */,
			);
			sourceTree = "<group>";
		};
		68C46926274F8B5900AA1DB1 /* Products */ = {
			isa = PBXGroup;
			children = (
				68C46925274F8B5900AA1DB1 /* GeneralSettingsObjC.app */,
			);
			name = Products;
			sourceTree = "<group>";
		};
		68C46927274F8B5900AA1DB1 /* GeneralSettings */ = {
			isa = PBXGroup;
			children = (
				68C4696F274F8CCD00AA1DB1 /* Category */,
				68C46965274F8CCD00AA1DB1 /* Handles */,
				68C4696A274F8CCD00AA1DB1 /* HeaderFiles */,
				68C46972274F8CCD00AA1DB1 /* Modules */,
				68C4694B274F8CCD00AA1DB1 /* Resources */,
				68C46964274F8CCD00AA1DB1 /* Samples */,
				68C46944274F8C4500AA1DB1 /* Base */,
				68C46928274F8B5900AA1DB1 /* AppDelegate.h */,
				68C46929274F8B5900AA1DB1 /* AppDelegate.m */,
				68C46941274F8BFB00AA1DB1 /* MainViewController.h */,
				68C46942274F8BFB00AA1DB1 /* MainViewController.m */,
				68C46931274F8B5900AA1DB1 /* Main.storyboard */,
				68C46934274F8B5A00AA1DB1 /* Assets.xcassets */,
				68C46936274F8B5A00AA1DB1 /* LaunchScreen.storyboard */,
				68C46939274F8B5A00AA1DB1 /* Info.plist */,
				68C4693A274F8B5B00AA1DB1 /* main.m */,
			);
			path = GeneralSettings;
			sourceTree = "<group>";
		};
		68C46944274F8C4500AA1DB1 /* Base */ = {
			isa = PBXGroup;
			children = (
				68C46945274F8C4500AA1DB1 /* BaseViewController.m */,
				68C46946274F8C4500AA1DB1 /* BaseNavigationController.m */,
				68C46947274F8C4500AA1DB1 /* BaseNavigationController.h */,
				68C46948274F8C4500AA1DB1 /* BaseViewController.h */,
			);
			path = Base;
			sourceTree = "<group>";
		};
		68C4694B274F8CCD00AA1DB1 /* Resources */ = {
			isa = PBXGroup;
			children = (
				68C4694C274F8CCD00AA1DB1 /* Pictures */,
			);
			path = Resources;
			sourceTree = "<group>";
		};
		68C4694C274F8CCD00AA1DB1 /* Pictures */ = {
			isa = PBXGroup;
			children = (
				68C46952274F8CCD00AA1DB1 /* icon_setting@2x.png */,
				68C46953274F8CCD00AA1DB1 /* icon_setting@3x.png */,
				68C46957274F8CCD00AA1DB1 /* icon_question@2x.png */,
				68C46956274F8CCD00AA1DB1 /* icon_question@3x.png */,
				68C4695A274F8CCD00AA1DB1 /* select_down@2x.png */,
				68C46961274F8CCD00AA1DB1 /* select_down@3x.png */,
				68C46962274F8CCD00AA1DB1 /* checked@2x.png */,
				68C4695B274F8CCD00AA1DB1 /* checked@3x.png */,
				68C46960274F8CCD00AA1DB1 /* scan_line.png */,
				68C46954274F8CCD00AA1DB1 /* torch_on@2x.png */,
				68C46951274F8CCD00AA1DB1 /* torch_on@3x.png */,
				68C46963274F8CCD00AA1DB1 /* torch_off@2x.png */,
				68C46959274F8CCD00AA1DB1 /* torch_off@3x.png */,
			);
			path = Pictures;
			sourceTree = "<group>";
		};
		68C46964274F8CCD00AA1DB1 /* Samples */ = {
			isa = PBXGroup;
			children = (
			);
			path = Samples;
			sourceTree = "<group>";
		};
		68C46965274F8CCD00AA1DB1 /* Handles */ = {
			isa = PBXGroup;
			children = (
				68C46969274F8CCD00AA1DB1 /* ToolsHandle.h */,
				68C46966274F8CCD00AA1DB1 /* ToolsHandle.m */,
				68C46968274F8CCD00AA1DB1 /* GeneralSettingsHandle.h */,
				68C46967274F8CCD00AA1DB1 /* GeneralSettingsHandle.m */,
			);
			path = Handles;
			sourceTree = "<group>";
		};
		68C4696A274F8CCD00AA1DB1 /* HeaderFiles */ = {
			isa = PBXGroup;
			children = (
				68C4696D274F8CCD00AA1DB1 /* Dynamsoft.pch */,
				68C4696B274F8CCD00AA1DB1 /* ToolsDefineHeader.h */,
				68C4696C274F8CCD00AA1DB1 /* UtilityHeader.h */,
				68C4696E274F8CCD00AA1DB1 /* PageTipsMicro.h */,
			);
			path = HeaderFiles;
			sourceTree = "<group>";
		};
		68C4696F274F8CCD00AA1DB1 /* Category */ = {
			isa = PBXGroup;
			children = (
				68C46970274F8CCD00AA1DB1 /* UIView+FrameAdditions.m */,
				68C46971274F8CCD00AA1DB1 /* UIView+FrameAdditions.h */,
			);
			path = Category;
			sourceTree = "<group>";
		};
		68C46972274F8CCD00AA1DB1 /* Modules */ = {
			isa = PBXGroup;
			children = (
				689470FB2754CC8300E91310 /* PullListView */,
				68C46989274F8CCD00AA1DB1 /* ResultsView */,
				68C46979274F8CCD00AA1DB1 /* BasicCell */,
				68C46976274F8CCD00AA1DB1 /* Settings */,
				68C46982274F8CCD00AA1DB1 /* BarcodeSettings */,
				68C4698F274F8CCD00AA1DB1 /* CameraSettings */,
				68C46973274F8CCD00AA1DB1 /* ViewSettings */,
			);
			path = Modules;
			sourceTree = "<group>";
		};
		68C46973274F8CCD00AA1DB1 /* ViewSettings */ = {
			isa = PBXGroup;
			children = (
				68C46975274F8CCD00AA1DB1 /* ViewSettingsViewController.h */,
				68C46974274F8CCD00AA1DB1 /* ViewSettingsViewController.m */,
			);
			path = ViewSettings;
			sourceTree = "<group>";
		};
		68C46976274F8CCD00AA1DB1 /* Settings */ = {
			isa = PBXGroup;
			children = (
				68C46978274F8CCD00AA1DB1 /* SettingsViewController.h */,
				68C46977274F8CCD00AA1DB1 /* SettingsViewController.m */,
			);
			path = Settings;
			sourceTree = "<group>";
		};
		68C46979274F8CCD00AA1DB1 /* BasicCell */ = {
			isa = PBXGroup;
			children = (
				68C4697B274F8CCD00AA1DB1 /* BasicTableViewCell.h */,
				68C46980274F8CCD00AA1DB1 /* BasicTableViewCell.m */,
				68C4697E274F8CCD00AA1DB1 /* BasicTextTableViewCell.h */,
				68C4697A274F8CCD00AA1DB1 /* BasicTextTableViewCell.m */,
				68C4697F274F8CCD00AA1DB1 /* BasicSwitchTableViewCell.h */,
				68C4697C274F8CCD00AA1DB1 /* BasicSwitchTableViewCell.m */,
				68C46981274F8CCD00AA1DB1 /* BasicOptionalTableViewCell.h */,
				68C4697D274F8CCD00AA1DB1 /* BasicOptionalTableViewCell.m */,
				68C469CC2750D1B300AA1DB1 /* BasicPullTableViewCell.h */,
				68C469CD2750D1B300AA1DB1 /* BasicPullTableViewCell.m */,
			);
			path = BasicCell;
			sourceTree = "<group>";
		};
		68C46982274F8CCD00AA1DB1 /* BarcodeSettings */ = {
			isa = PBXGroup;
			children = (
				68C46987274F8CCD00AA1DB1 /* BarcodeSettingsViewController.h */,
				68C46984274F8CCD00AA1DB1 /* BarcodeSettingsViewController.m */,
				68C46985274F8CCD00AA1DB1 /* BarcodeFormatDetailViewController.h */,
				68C46988274F8CCD00AA1DB1 /* BarcodeFormatDetailViewController.m */,
				68C46983274F8CCD00AA1DB1 /* BarcodeSubDetailViewController.h */,
				68C46986274F8CCD00AA1DB1 /* BarcodeSubDetailViewController.m */,
			);
			path = BarcodeSettings;
			sourceTree = "<group>";
		};
		68C46989274F8CCD00AA1DB1 /* ResultsView */ = {
			isa = PBXGroup;
			children = (
				68C4698B274F8CCD00AA1DB1 /* Cell */,
				68C4698E274F8CCD00AA1DB1 /* DecodeResultsView.h */,
				68C4698A274F8CCD00AA1DB1 /* DecodeResultsView.m */,
			);
			path = ResultsView;
			sourceTree = "<group>";
		};
		68C4698B274F8CCD00AA1DB1 /* Cell */ = {
			isa = PBXGroup;
			children = (
				68C4698C274F8CCD00AA1DB1 /* DecodeResultsCentreTableViewCell.h */,
				68C4698D274F8CCD00AA1DB1 /* DecodeResultsCentreTableViewCell.m */,
				68C469C92750802C00AA1DB1 /* DecodeResultsBottomTableViewCell.h */,
				68C469CA2750802C00AA1DB1 /* DecodeResultsBottomTableViewCell.m */,
			);
			path = Cell;
			sourceTree = "<group>";
		};
		68C4698F274F8CCD00AA1DB1 /* CameraSettings */ = {
			isa = PBXGroup;
			children = (
				68C46991274F8CCD00AA1DB1 /* CameraSettingsViewController.h */,
				68C46990274F8CCD00AA1DB1 /* CameraSettingsViewController.m */,
			);
			path = CameraSettings;
			sourceTree = "<group>";
		};
		68C469B8274F8CDE00AA1DB1 /* Frameworks */ = {
			isa = PBXGroup;
			children = (
				68BB3639276749EC0014AF89 /* DynamsoftBarcodeReader.framework */,
				68BB363A276749EC0014AF89 /* DynamsoftCameraEnhancer.framework */,
			);
			path = Frameworks;
			sourceTree = "<group>";
		};
/* End PBXGroup section */

/* Begin PBXNativeTarget section */
		68C46924274F8B5900AA1DB1 /* GeneralSettingsObjC */ = {
			isa = PBXNativeTarget;
			buildConfigurationList = 68C4693E274F8B5B00AA1DB1 /* Build configuration list for PBXNativeTarget "GeneralSettingsObjC" */;
			buildPhases = (
				68C46921274F8B5900AA1DB1 /* Sources */,
				68C46922274F8B5900AA1DB1 /* Frameworks */,
				68C46923274F8B5900AA1DB1 /* Resources */,
				68C469C6274F8F9400AA1DB1 /* Embed Frameworks */,
			);
			buildRules = (
			);
			dependencies = (
			);
			name = GeneralSettingsObjC;
			productName = GeneralSettings;
			productReference = 68C46925274F8B5900AA1DB1 /* GeneralSettingsObjC.app */;
			productType = "com.apple.product-type.application";
		};
/* End PBXNativeTarget section */

/* Begin PBXProject section */
		68C4691D274F8B5900AA1DB1 /* Project object */ = {
			isa = PBXProject;
			attributes = {
				BuildIndependentTargetsInParallel = 1;
				LastUpgradeCheck = 1300;
				TargetAttributes = {
					68C46924274F8B5900AA1DB1 = {
						CreatedOnToolsVersion = 13.0;
					};
				};
			};
			buildConfigurationList = 68C46920274F8B5900AA1DB1 /* Build configuration list for PBXProject "GeneralSettingsObjC" */;
			compatibilityVersion = "Xcode 13.0";
			developmentRegion = en;
			hasScannedForEncodings = 0;
			knownRegions = (
				en,
				Base,
			);
			mainGroup = 68C4691C274F8B5900AA1DB1;
			productRefGroup = 68C46926274F8B5900AA1DB1 /* Products */;
			projectDirPath = "";
			projectRoot = "";
			targets = (
				68C46924274F8B5900AA1DB1 /* GeneralSettingsObjC */,
			);
		};
/* End PBXProject section */

/* Begin PBXResourcesBuildPhase section */
		68C46923274F8B5900AA1DB1 /* Resources */ = {
			isa = PBXResourcesBuildPhase;
			buildActionMask = 2147483647;
			files = (
				68C46938274F8B5A00AA1DB1 /* LaunchScreen.storyboard in Resources */,
				68C46996274F8CCD00AA1DB1 /* torch_on@3x.png in Resources */,
				68C469A0274F8CCD00AA1DB1 /* checked@3x.png in Resources */,
				68C4699B274F8CCD00AA1DB1 /* icon_question@3x.png in Resources */,
				68C4699C274F8CCD00AA1DB1 /* icon_question@2x.png in Resources */,
				68C4699E274F8CCD00AA1DB1 /* torch_off@3x.png in Resources */,
				68C46997274F8CCD00AA1DB1 /* icon_setting@2x.png in Resources */,
				68C469A5274F8CCD00AA1DB1 /* scan_line.png in Resources */,
				68C469A7274F8CCD00AA1DB1 /* checked@2x.png in Resources */,
				68C469A8274F8CCD00AA1DB1 /* torch_off@2x.png in Resources */,
				68C46935274F8B5A00AA1DB1 /* Assets.xcassets in Resources */,
				68C46933274F8B5900AA1DB1 /* Main.storyboard in Resources */,
				68C4699F274F8CCD00AA1DB1 /* select_down@2x.png in Resources */,
				68C46999274F8CCD00AA1DB1 /* torch_on@2x.png in Resources */,
				68C46998274F8CCD00AA1DB1 /* icon_setting@3x.png in Resources */,
				68C469A6274F8CCD00AA1DB1 /* select_down@3x.png in Resources */,
			);
			runOnlyForDeploymentPostprocessing = 0;
		};
/* End PBXResourcesBuildPhase section */

/* Begin PBXSourcesBuildPhase section */
		68C46921274F8B5900AA1DB1 /* Sources */ = {
			isa = PBXSourcesBuildPhase;
			buildActionMask = 2147483647;
			files = (
				689470FE2754CCB500E91310 /* PullListView.m in Sources */,
				68C469B7274F8CCD00AA1DB1 /* CameraSettingsViewController.m in Sources */,
				68C469AE274F8CCD00AA1DB1 /* BasicTextTableViewCell.m in Sources */,
				68C46949274F8C4500AA1DB1 /* BaseViewController.m in Sources */,
				68C469CE2750D1B300AA1DB1 /* BasicPullTableViewCell.m in Sources */,
				68C469AF274F8CCD00AA1DB1 /* BasicSwitchTableViewCell.m in Sources */,
				68C469B1274F8CCD00AA1DB1 /* BasicTableViewCell.m in Sources */,
				68C469AC274F8CCD00AA1DB1 /* ViewSettingsViewController.m in Sources */,
				68C4694A274F8C4500AA1DB1 /* BaseNavigationController.m in Sources */,
				68C469B3274F8CCD00AA1DB1 /* BarcodeSubDetailViewController.m in Sources */,
				68C4692A274F8B5900AA1DB1 /* AppDelegate.m in Sources */,
				68C469CB2750802C00AA1DB1 /* DecodeResultsBottomTableViewCell.m in Sources */,
				68C469B4274F8CCD00AA1DB1 /* BarcodeFormatDetailViewController.m in Sources */,
				68C4693B274F8B5B00AA1DB1 /* main.m in Sources */,
				68C469B6274F8CCD00AA1DB1 /* DecodeResultsCentreTableViewCell.m in Sources */,
				68C469AB274F8CCD00AA1DB1 /* UIView+FrameAdditions.m in Sources */,
				68C469B2274F8CCD00AA1DB1 /* BarcodeSettingsViewController.m in Sources */,
				68C469AA274F8CCD00AA1DB1 /* GeneralSettingsHandle.m in Sources */,
				68C469AD274F8CCD00AA1DB1 /* SettingsViewController.m in Sources */,
				68C469B5274F8CCD00AA1DB1 /* DecodeResultsView.m in Sources */,
				68C469A9274F8CCD00AA1DB1 /* ToolsHandle.m in Sources */,
				68C469B0274F8CCD00AA1DB1 /* BasicOptionalTableViewCell.m in Sources */,
				68C46943274F8BFB00AA1DB1 /* MainViewController.m in Sources */,
			);
			runOnlyForDeploymentPostprocessing = 0;
		};
/* End PBXSourcesBuildPhase section */

/* Begin PBXVariantGroup section */
		68C46931274F8B5900AA1DB1 /* Main.storyboard */ = {
			isa = PBXVariantGroup;
			children = (
				68C46932274F8B5900AA1DB1 /* Base */,
			);
			name = Main.storyboard;
			sourceTree = "<group>";
		};
		68C46936274F8B5A00AA1DB1 /* LaunchScreen.storyboard */ = {
			isa = PBXVariantGroup;
			children = (
				68C46937274F8B5A00AA1DB1 /* Base */,
			);
			name = LaunchScreen.storyboard;
			sourceTree = "<group>";
		};
/* End PBXVariantGroup section */

/* Begin XCBuildConfiguration section */
		68C4693C274F8B5B00AA1DB1 /* Debug */ = {
			isa = XCBuildConfiguration;
			buildSettings = {
				ALWAYS_SEARCH_USER_PATHS = NO;
				CLANG_ANALYZER_NONNULL = YES;
				CLANG_ANALYZER_NUMBER_OBJECT_CONVERSION = YES_AGGRESSIVE;
				CLANG_CXX_LANGUAGE_STANDARD = "gnu++17";
				CLANG_CXX_LIBRARY = "libc++";
				CLANG_ENABLE_MODULES = YES;
				CLANG_ENABLE_OBJC_ARC = YES;
				CLANG_ENABLE_OBJC_WEAK = YES;
				CLANG_WARN_BLOCK_CAPTURE_AUTORELEASING = YES;
				CLANG_WARN_BOOL_CONVERSION = YES;
				CLANG_WARN_COMMA = YES;
				CLANG_WARN_CONSTANT_CONVERSION = YES;
				CLANG_WARN_DEPRECATED_OBJC_IMPLEMENTATIONS = YES;
				CLANG_WARN_DIRECT_OBJC_ISA_USAGE = YES_ERROR;
				CLANG_WARN_DOCUMENTATION_COMMENTS = YES;
				CLANG_WARN_EMPTY_BODY = YES;
				CLANG_WARN_ENUM_CONVERSION = YES;
				CLANG_WARN_INFINITE_RECURSION = YES;
				CLANG_WARN_INT_CONVERSION = YES;
				CLANG_WARN_NON_LITERAL_NULL_CONVERSION = YES;
				CLANG_WARN_OBJC_IMPLICIT_RETAIN_SELF = YES;
				CLANG_WARN_OBJC_LITERAL_CONVERSION = YES;
				CLANG_WARN_OBJC_ROOT_CLASS = YES_ERROR;
				CLANG_WARN_QUOTED_INCLUDE_IN_FRAMEWORK_HEADER = YES;
				CLANG_WARN_RANGE_LOOP_ANALYSIS = YES;
				CLANG_WARN_STRICT_PROTOTYPES = YES;
				CLANG_WARN_SUSPICIOUS_MOVE = YES;
				CLANG_WARN_UNGUARDED_AVAILABILITY = YES_AGGRESSIVE;
				CLANG_WARN_UNREACHABLE_CODE = YES;
				CLANG_WARN__DUPLICATE_METHOD_MATCH = YES;
				COPY_PHASE_STRIP = NO;
				DEBUG_INFORMATION_FORMAT = dwarf;
				ENABLE_STRICT_OBJC_MSGSEND = YES;
				ENABLE_TESTABILITY = YES;
				GCC_C_LANGUAGE_STANDARD = gnu11;
				GCC_DYNAMIC_NO_PIC = NO;
				GCC_NO_COMMON_BLOCKS = YES;
				GCC_OPTIMIZATION_LEVEL = 0;
				GCC_PREPROCESSOR_DEFINITIONS = (
					"DEBUG=1",
					"$(inherited)",
				);
				GCC_WARN_64_TO_32_BIT_CONVERSION = YES;
				GCC_WARN_ABOUT_RETURN_TYPE = YES_ERROR;
				GCC_WARN_UNDECLARED_SELECTOR = YES;
				GCC_WARN_UNINITIALIZED_AUTOS = YES_AGGRESSIVE;
				GCC_WARN_UNUSED_FUNCTION = YES;
				GCC_WARN_UNUSED_VARIABLE = YES;
				IPHONEOS_DEPLOYMENT_TARGET = 15.0;
				MTL_ENABLE_DEBUG_INFO = INCLUDE_SOURCE;
				MTL_FAST_MATH = YES;
				ONLY_ACTIVE_ARCH = YES;
				SDKROOT = iphoneos;
			};
			name = Debug;
		};
		68C4693D274F8B5B00AA1DB1 /* Release */ = {
			isa = XCBuildConfiguration;
			buildSettings = {
				ALWAYS_SEARCH_USER_PATHS = NO;
				CLANG_ANALYZER_NONNULL = YES;
				CLANG_ANALYZER_NUMBER_OBJECT_CONVERSION = YES_AGGRESSIVE;
				CLANG_CXX_LANGUAGE_STANDARD = "gnu++17";
				CLANG_CXX_LIBRARY = "libc++";
				CLANG_ENABLE_MODULES = YES;
				CLANG_ENABLE_OBJC_ARC = YES;
				CLANG_ENABLE_OBJC_WEAK = YES;
				CLANG_WARN_BLOCK_CAPTURE_AUTORELEASING = YES;
				CLANG_WARN_BOOL_CONVERSION = YES;
				CLANG_WARN_COMMA = YES;
				CLANG_WARN_CONSTANT_CONVERSION = YES;
				CLANG_WARN_DEPRECATED_OBJC_IMPLEMENTATIONS = YES;
				CLANG_WARN_DIRECT_OBJC_ISA_USAGE = YES_ERROR;
				CLANG_WARN_DOCUMENTATION_COMMENTS = YES;
				CLANG_WARN_EMPTY_BODY = YES;
				CLANG_WARN_ENUM_CONVERSION = YES;
				CLANG_WARN_INFINITE_RECURSION = YES;
				CLANG_WARN_INT_CONVERSION = YES;
				CLANG_WARN_NON_LITERAL_NULL_CONVERSION = YES;
				CLANG_WARN_OBJC_IMPLICIT_RETAIN_SELF = YES;
				CLANG_WARN_OBJC_LITERAL_CONVERSION = YES;
				CLANG_WARN_OBJC_ROOT_CLASS = YES_ERROR;
				CLANG_WARN_QUOTED_INCLUDE_IN_FRAMEWORK_HEADER = YES;
				CLANG_WARN_RANGE_LOOP_ANALYSIS = YES;
				CLANG_WARN_STRICT_PROTOTYPES = YES;
				CLANG_WARN_SUSPICIOUS_MOVE = YES;
				CLANG_WARN_UNGUARDED_AVAILABILITY = YES_AGGRESSIVE;
				CLANG_WARN_UNREACHABLE_CODE = YES;
				CLANG_WARN__DUPLICATE_METHOD_MATCH = YES;
				COPY_PHASE_STRIP = NO;
				DEBUG_INFORMATION_FORMAT = "dwarf-with-dsym";
				ENABLE_NS_ASSERTIONS = NO;
				ENABLE_STRICT_OBJC_MSGSEND = YES;
				GCC_C_LANGUAGE_STANDARD = gnu11;
				GCC_NO_COMMON_BLOCKS = YES;
				GCC_WARN_64_TO_32_BIT_CONVERSION = YES;
				GCC_WARN_ABOUT_RETURN_TYPE = YES_ERROR;
				GCC_WARN_UNDECLARED_SELECTOR = YES;
				GCC_WARN_UNINITIALIZED_AUTOS = YES_AGGRESSIVE;
				GCC_WARN_UNUSED_FUNCTION = YES;
				GCC_WARN_UNUSED_VARIABLE = YES;
				IPHONEOS_DEPLOYMENT_TARGET = 15.0;
				MTL_ENABLE_DEBUG_INFO = NO;
				MTL_FAST_MATH = YES;
				SDKROOT = iphoneos;
				VALIDATE_PRODUCT = YES;
			};
			name = Release;
		};
		68C4693F274F8B5B00AA1DB1 /* Debug */ = {
			isa = XCBuildConfiguration;
			buildSettings = {
				ASSETCATALOG_COMPILER_APPICON_NAME = AppIcon;
				ASSETCATALOG_COMPILER_GLOBAL_ACCENT_COLOR_NAME = AccentColor;
				CODE_SIGN_STYLE = Automatic;
				CURRENT_PROJECT_VERSION = 1;
				DEVELOPMENT_TEAM = W6PESGXW9M;
				FRAMEWORK_SEARCH_PATHS = (
					"$(inherited)",
					"$(PROJECT_DIR)/Frameworks",
					../../../Frameworks/,
				);
				GCC_PREFIX_HEADER = "$(SRCROOT)/GeneralSettings/HeaderFiles/Dynamsoft.pch";
				GENERATE_INFOPLIST_FILE = YES;
				INFOPLIST_FILE = GeneralSettings/Info.plist;
				INFOPLIST_KEY_UIApplicationSupportsIndirectInputEvents = YES;
				INFOPLIST_KEY_UILaunchStoryboardName = LaunchScreen;
				INFOPLIST_KEY_UIMainStoryboardFile = Main;
				INFOPLIST_KEY_UISupportedInterfaceOrientations_iPad = "UIInterfaceOrientationPortrait UIInterfaceOrientationPortraitUpsideDown UIInterfaceOrientationLandscapeLeft UIInterfaceOrientationLandscapeRight";
				INFOPLIST_KEY_UISupportedInterfaceOrientations_iPhone = "UIInterfaceOrientationPortrait UIInterfaceOrientationLandscapeLeft UIInterfaceOrientationLandscapeRight";
				IPHONEOS_DEPLOYMENT_TARGET = 9.0;
				LD_RUNPATH_SEARCH_PATHS = (
					"$(inherited)",
					"@executable_path/Frameworks",
				);
				MARKETING_VERSION = 1.0;
				PRODUCT_BUNDLE_IDENTIFIER = com.Dynamsoft.GeneralSettings;
				PRODUCT_NAME = "$(TARGET_NAME)";
				SWIFT_EMIT_LOC_STRINGS = YES;
				TARGETED_DEVICE_FAMILY = 1;
				VALIDATE_WORKSPACE = YES;
			};
			name = Debug;
		};
		68C46940274F8B5B00AA1DB1 /* Release */ = {
			isa = XCBuildConfiguration;
			buildSettings = {
				ASSETCATALOG_COMPILER_APPICON_NAME = AppIcon;
				ASSETCATALOG_COMPILER_GLOBAL_ACCENT_COLOR_NAME = AccentColor;
				CODE_SIGN_STYLE = Automatic;
				CURRENT_PROJECT_VERSION = 1;
				DEVELOPMENT_TEAM = W6PESGXW9M;
				FRAMEWORK_SEARCH_PATHS = (
					"$(inherited)",
					"$(PROJECT_DIR)/Frameworks",
					../../../Frameworks/,
				);
				GCC_PREFIX_HEADER = "$(SRCROOT)/GeneralSettings/HeaderFiles/Dynamsoft.pch";
				GENERATE_INFOPLIST_FILE = YES;
				INFOPLIST_FILE = GeneralSettings/Info.plist;
				INFOPLIST_KEY_UIApplicationSupportsIndirectInputEvents = YES;
				INFOPLIST_KEY_UILaunchStoryboardName = LaunchScreen;
				INFOPLIST_KEY_UIMainStoryboardFile = Main;
				INFOPLIST_KEY_UISupportedInterfaceOrientations_iPad = "UIInterfaceOrientationPortrait UIInterfaceOrientationPortraitUpsideDown UIInterfaceOrientationLandscapeLeft UIInterfaceOrientationLandscapeRight";
				INFOPLIST_KEY_UISupportedInterfaceOrientations_iPhone = "UIInterfaceOrientationPortrait UIInterfaceOrientationLandscapeLeft UIInterfaceOrientationLandscapeRight";
				IPHONEOS_DEPLOYMENT_TARGET = 9.0;
				LD_RUNPATH_SEARCH_PATHS = (
					"$(inherited)",
					"@executable_path/Frameworks",
				);
				MARKETING_VERSION = 1.0;
				PRODUCT_BUNDLE_IDENTIFIER = com.Dynamsoft.GeneralSettings;
				PRODUCT_NAME = "$(TARGET_NAME)";
				SWIFT_EMIT_LOC_STRINGS = YES;
				TARGETED_DEVICE_FAMILY = 1;
				VALIDATE_WORKSPACE = YES;
			};
			name = Release;
		};
/* End XCBuildConfiguration section */

/* Begin XCConfigurationList section */
		68C46920274F8B5900AA1DB1 /* Build configuration list for PBXProject "GeneralSettingsObjC" */ = {
			isa = XCConfigurationList;
			buildConfigurations = (
				68C4693C274F8B5B00AA1DB1 /* Debug */,
				68C4693D274F8B5B00AA1DB1 /* Release */,
			);
			defaultConfigurationIsVisible = 0;
			defaultConfigurationName = Release;
		};
		68C4693E274F8B5B00AA1DB1 /* Build configuration list for PBXNativeTarget "GeneralSettingsObjC" */ = {
			isa = XCConfigurationList;
			buildConfigurations = (
				68C4693F274F8B5B00AA1DB1 /* Debug */,
				68C46940274F8B5B00AA1DB1 /* Release */,
			);
			defaultConfigurationIsVisible = 0;
			defaultConfigurationName = Release;
		};
/* End XCConfigurationList section */
	};
	rootObject = 68C4691D274F8B5900AA1DB1 /* Project object */;
}
