// !$*UTF8*$!
{
	archiveVersion = 1;
	classes = {
	};
	objectVersion = 46;
	objects = {

/* Begin PBXBuildFile section */
		0AAE212F295A883500BC075D /* AppDelegate.m in Sources */ = {isa = PBXBuildFile; fileRef = 0AAE212E295A883500BC075D /* AppDelegate.m */; };
		0AAE2135295A883500BC075D /* ViewController.m in Sources */ = {isa = PBXBuildFile; fileRef = 0AAE2134295A883500BC075D /* ViewController.m */; };
		0AAE2138295A883500BC075D /* Main.storyboard in Resources */ = {isa = PBXBuildFile; fileRef = 0AAE2136295A883500BC075D /* Main.storyboard */; };
		0AAE213A295A883700BC075D /* Assets.xcassets in Resources */ = {isa = PBXBuildFile; fileRef = 0AAE2139295A883700BC075D /* Assets.xcassets */; };
		0AAE213D295A883700BC075D /* LaunchScreen.storyboard in Resources */ = {isa = PBXBuildFile; fileRef = 0AAE213B295A883700BC075D /* LaunchScreen.storyboard */; };
		0AAE2140295A883700BC075D /* main.m in Sources */ = {isa = PBXBuildFile; fileRef = 0AAE213F295A883700BC075D /* main.m */; };
		0AAE214B295A890500BC075D /* DynamsoftBarcodeReader.framework in Frameworks */ = {isa = PBXBuildFile; fileRef = 0AAE2148295A890400BC075D /* DynamsoftBarcodeReader.framework */; };
		0AAE214C295A890500BC075D /* DynamsoftBarcodeReader.framework in Embed Frameworks */ = {isa = PBXBuildFile; fileRef = 0AAE2148295A890400BC075D /* DynamsoftBarcodeReader.framework */; settings = {ATTRIBUTES = (CodeSignOnCopy, RemoveHeadersOnCopy, ); }; };
		0AAE2188295AC02700BC075D /* image-decoding.png in Resources */ = {isa = PBXBuildFile; fileRef = 0AAE2185295AC02700BC075D /* image-decoding.png */; };
		0AAE2189295AC02700BC075D /* icon_select@2x.png in Resources */ = {isa = PBXBuildFile; fileRef = 0AAE2186295AC02700BC075D /* icon_select@2x.png */; };
		0AAE218A295AC02700BC075D /* icon_select@3x.png in Resources */ = {isa = PBXBuildFile; fileRef = 0AAE2187295AC02700BC075D /* icon_select@3x.png */; };
/* End PBXBuildFile section */

/* Begin PBXCopyFilesBuildPhase section */
		0AAE214D295A890500BC075D /* Embed Frameworks */ = {
			isa = PBXCopyFilesBuildPhase;
			buildActionMask = 2147483647;
			dstPath = "";
			dstSubfolderSpec = 10;
			files = (
				0AAE214C295A890500BC075D /* DynamsoftBarcodeReader.framework in Embed Frameworks */,
			);
			name = "Embed Frameworks";
			runOnlyForDeploymentPostprocessing = 0;
		};
/* End PBXCopyFilesBuildPhase section */

/* Begin PBXFileReference section */
		0AAE212A295A883500BC075D /* ImageDecodingObjC.app */ = {isa = PBXFileReference; explicitFileType = wrapper.application; includeInIndex = 0; path = ImageDecodingObjC.app; sourceTree = BUILT_PRODUCTS_DIR; };
		0AAE212D295A883500BC075D /* AppDelegate.h */ = {isa = PBXFileReference; lastKnownFileType = sourcecode.c.h; path = AppDelegate.h; sourceTree = "<group>"; };
		0AAE212E295A883500BC075D /* AppDelegate.m */ = {isa = PBXFileReference; lastKnownFileType = sourcecode.c.objc; path = AppDelegate.m; sourceTree = "<group>"; };
		0AAE2133295A883500BC075D /* ViewController.h */ = {isa = PBXFileReference; lastKnownFileType = sourcecode.c.h; path = ViewController.h; sourceTree = "<group>"; };
		0AAE2134295A883500BC075D /* ViewController.m */ = {isa = PBXFileReference; lastKnownFileType = sourcecode.c.objc; path = ViewController.m; sourceTree = "<group>"; };
		0AAE2137295A883500BC075D /* Base */ = {isa = PBXFileReference; lastKnownFileType = file.storyboard; name = Base; path = Base.lproj/Main.storyboard; sourceTree = "<group>"; };
		0AAE2139295A883700BC075D /* Assets.xcassets */ = {isa = PBXFileReference; lastKnownFileType = folder.assetcatalog; path = Assets.xcassets; sourceTree = "<group>"; };
		0AAE213C295A883700BC075D /* Base */ = {isa = PBXFileReference; lastKnownFileType = file.storyboard; name = Base; path = Base.lproj/LaunchScreen.storyboard; sourceTree = "<group>"; };
		0AAE213E295A883700BC075D /* Info.plist */ = {isa = PBXFileReference; lastKnownFileType = text.plist.xml; path = Info.plist; sourceTree = "<group>"; };
		0AAE213F295A883700BC075D /* main.m */ = {isa = PBXFileReference; lastKnownFileType = sourcecode.c.objc; path = main.m; sourceTree = "<group>"; };
		0AAE2148295A890400BC075D /* DynamsoftBarcodeReader.framework */ = {isa = PBXFileReference; lastKnownFileType = wrapper.framework; name = DynamsoftBarcodeReader.framework; path = ../../../Frameworks/DynamsoftBarcodeReader.framework; sourceTree = "<group>"; };
		0AAE2152295A8E5300BC075D /* Dynamsoft.pch */ = {isa = PBXFileReference; lastKnownFileType = sourcecode.c.h; path = Dynamsoft.pch; sourceTree = "<group>"; };
		0AAE2185295AC02700BC075D /* image-decoding.png */ = {isa = PBXFileReference; lastKnownFileType = image.png; path = "image-decoding.png"; sourceTree = "<group>"; };
		0AAE2186295AC02700BC075D /* icon_select@2x.png */ = {isa = PBXFileReference; lastKnownFileType = image.png; path = "icon_select@2x.png"; sourceTree = "<group>"; };
		0AAE2187295AC02700BC075D /* icon_select@3x.png */ = {isa = PBXFileReference; lastKnownFileType = image.png; path = "icon_select@3x.png"; sourceTree = "<group>"; };
/* End PBXFileReference section */

/* Begin PBXFrameworksBuildPhase section */
		0AAE2127295A883500BC075D /* Frameworks */ = {
			isa = PBXFrameworksBuildPhase;
			buildActionMask = 2147483647;
			files = (
				0AAE214B295A890500BC075D /* DynamsoftBarcodeReader.framework in Frameworks */,
			);
			runOnlyForDeploymentPostprocessing = 0;
		};
/* End PBXFrameworksBuildPhase section */

/* Begin PBXGroup section */
		0AAE2121295A883500BC075D = {
			isa = PBXGroup;
			children = (
				0AAE212C295A883500BC075D /* ImageDecodingObjC */,
				0AAE212B295A883500BC075D /* Products */,
				0AAE2146295A890300BC075D /* Frameworks */,
			);
			sourceTree = "<group>";
		};
		0AAE212B295A883500BC075D /* Products */ = {
			isa = PBXGroup;
			children = (
				0AAE212A295A883500BC075D /* ImageDecodingObjC.app */,
			);
			name = Products;
			sourceTree = "<group>";
		};
		0AAE212C295A883500BC075D /* ImageDecodingObjC */ = {
			isa = PBXGroup;
			children = (
				0AAE2151295A8E3E00BC075D /* PCH */,
				0AAE214E295A8CEC00BC075D /* Resource */,
				0AAE212D295A883500BC075D /* AppDelegate.h */,
				0AAE212E295A883500BC075D /* AppDelegate.m */,
				0AAE2133295A883500BC075D /* ViewController.h */,
				0AAE2134295A883500BC075D /* ViewController.m */,
				0AAE2136295A883500BC075D /* Main.storyboard */,
				0AAE2139295A883700BC075D /* Assets.xcassets */,
				0AAE213B295A883700BC075D /* LaunchScreen.storyboard */,
				0AAE213E295A883700BC075D /* Info.plist */,
				0AAE213F295A883700BC075D /* main.m */,
			);
			path = ImageDecodingObjC;
			sourceTree = "<group>";
		};
		0AAE2146295A890300BC075D /* Frameworks */ = {
			isa = PBXGroup;
			children = (
				0AAE2148295A890400BC075D /* DynamsoftBarcodeReader.framework */,
			);
			name = Frameworks;
			sourceTree = "<group>";
		};
		0AAE214E295A8CEC00BC075D /* Resource */ = {
			isa = PBXGroup;
			children = (
				0AAE2184295AC02700BC075D /* Pictures */,
			);
			path = Resource;
			sourceTree = "<group>";
		};
		0AAE2151295A8E3E00BC075D /* PCH */ = {
			isa = PBXGroup;
			children = (
				0AAE2152295A8E5300BC075D /* Dynamsoft.pch */,
			);
			path = PCH;
			sourceTree = "<group>";
		};
		0AAE2184295AC02700BC075D /* Pictures */ = {
			isa = PBXGroup;
			children = (
				0AAE2185295AC02700BC075D /* image-decoding.png */,
				0AAE2186295AC02700BC075D /* icon_select@2x.png */,
				0AAE2187295AC02700BC075D /* icon_select@3x.png */,
			);
			path = Pictures;
			sourceTree = "<group>";
		};
/* End PBXGroup section */

/* Begin PBXNativeTarget section */
		0AAE2129295A883500BC075D /* ImageDecodingObjC */ = {
			isa = PBXNativeTarget;
			buildConfigurationList = 0AAE2143295A883700BC075D /* Build configuration list for PBXNativeTarget "ImageDecodingObjC" */;
			buildPhases = (
				0AAE2126295A883500BC075D /* Sources */,
				0AAE2127295A883500BC075D /* Frameworks */,
				0AAE2128295A883500BC075D /* Resources */,
				0AAE214D295A890500BC075D /* Embed Frameworks */,
			);
			buildRules = (
			);
			dependencies = (
			);
			name = ImageDecodingObjC;
			productName = ImageDecodingObjC;
			productReference = 0AAE212A295A883500BC075D /* ImageDecodingObjC.app */;
			productType = "com.apple.product-type.application";
		};
/* End PBXNativeTarget section */

/* Begin PBXProject section */
		0AAE2122295A883500BC075D /* Project object */ = {
			isa = PBXProject;
			attributes = {
				LastUpgradeCheck = 1400;
				TargetAttributes = {
					0AAE2129295A883500BC075D = {
						CreatedOnToolsVersion = 14.0.1;
					};
				};
			};
			buildConfigurationList = 0AAE2125295A883500BC075D /* Build configuration list for PBXProject "ImageDecodingObjC" */;
			compatibilityVersion = "Xcode 14.0";
			developmentRegion = en;
			hasScannedForEncodings = 0;
			knownRegions = (
				en,
				Base,
			);
			mainGroup = 0AAE2121295A883500BC075D;
			productRefGroup = 0AAE212B295A883500BC075D /* Products */;
			projectDirPath = "";
			projectRoot = "";
			targets = (
				0AAE2129295A883500BC075D /* ImageDecodingObjC */,
			);
		};
/* End PBXProject section */

/* Begin PBXResourcesBuildPhase section */
		0AAE2128295A883500BC075D /* Resources */ = {
			isa = PBXResourcesBuildPhase;
			buildActionMask = 2147483647;
			files = (
				0AAE2189295AC02700BC075D /* icon_select@2x.png in Resources */,
				0AAE213D295A883700BC075D /* LaunchScreen.storyboard in Resources */,
				0AAE218A295AC02700BC075D /* icon_select@3x.png in Resources */,
				0AAE213A295A883700BC075D /* Assets.xcassets in Resources */,
				0AAE2188295AC02700BC075D /* image-decoding.png in Resources */,
				0AAE2138295A883500BC075D /* Main.storyboard in Resources */,
			);
			runOnlyForDeploymentPostprocessing = 0;
		};
/* End PBXResourcesBuildPhase section */

/* Begin PBXSourcesBuildPhase section */
		0AAE2126295A883500BC075D /* Sources */ = {
			isa = PBXSourcesBuildPhase;
			buildActionMask = 2147483647;
			files = (
				0AAE2135295A883500BC075D /* ViewController.m in Sources */,
				0AAE212F295A883500BC075D /* AppDelegate.m in Sources */,
				0AAE2140295A883700BC075D /* main.m in Sources */,
			);
			runOnlyForDeploymentPostprocessing = 0;
		};
/* End PBXSourcesBuildPhase section */

/* Begin PBXVariantGroup section */
		0AAE2136295A883500BC075D /* Main.storyboard */ = {
			isa = PBXVariantGroup;
			children = (
				0AAE2137295A883500BC075D /* Base */,
			);
			name = Main.storyboard;
			sourceTree = "<group>";
		};
		0AAE213B295A883700BC075D /* LaunchScreen.storyboard */ = {
			isa = PBXVariantGroup;
			children = (
				0AAE213C295A883700BC075D /* Base */,
			);
			name = LaunchScreen.storyboard;
			sourceTree = "<group>";
		};
/* End PBXVariantGroup section */

/* Begin XCBuildConfiguration section */
		0AAE2141295A883700BC075D /* Debug */ = {
			isa = XCBuildConfiguration;
			buildSettings = {
				ALWAYS_SEARCH_USER_PATHS = NO;
				CLANG_ANALYZER_NONNULL = YES;
				CLANG_ANALYZER_NUMBER_OBJECT_CONVERSION = YES_AGGRESSIVE;
				CLANG_CXX_LANGUAGE_STANDARD = "gnu++20";
				CLANG_ENABLE_MODULES = YES;
				CLANG_ENABLE_OBJC_ARC = YES;
				CLANG_ENABLE_OBJC_WEAK = YES;
				CLANG_WARN_BLOCK_CAPTURE_AUTORELEASING = YES;
				CLANG_WARN_BOOL_CONVERSION = YES;
				CLANG_WARN_COMMA = YES;
				CLANG_WARN_CONSTANT_CONVERSION = YES;
				CLANG_WARN_DEPRECATED_OBJC_IMPLEMENTATIONS = YES;
				CLANG_WARN_DIRECT_OBJC_ISA_USAGE = YES_ERROR;
				CLANG_WARN_DOCUMENTATION_COMMENTS = YES;
				CLANG_WARN_EMPTY_BODY = YES;
				CLANG_WARN_ENUM_CONVERSION = YES;
				CLANG_WARN_INFINITE_RECURSION = YES;
				CLANG_WARN_INT_CONVERSION = YES;
				CLANG_WARN_NON_LITERAL_NULL_CONVERSION = YES;
				CLANG_WARN_OBJC_IMPLICIT_RETAIN_SELF = YES;
				CLANG_WARN_OBJC_LITERAL_CONVERSION = YES;
				CLANG_WARN_OBJC_ROOT_CLASS = YES_ERROR;
				CLANG_WARN_QUOTED_INCLUDE_IN_FRAMEWORK_HEADER = YES;
				CLANG_WARN_RANGE_LOOP_ANALYSIS = YES;
				CLANG_WARN_STRICT_PROTOTYPES = YES;
				CLANG_WARN_SUSPICIOUS_MOVE = YES;
				CLANG_WARN_UNGUARDED_AVAILABILITY = YES_AGGRESSIVE;
				CLANG_WARN_UNREACHABLE_CODE = YES;
				CLANG_WARN__DUPLICATE_METHOD_MATCH = YES;
				COPY_PHASE_STRIP = NO;
				DEBUG_INFORMATION_FORMAT = dwarf;
				ENABLE_STRICT_OBJC_MSGSEND = YES;
				ENABLE_TESTABILITY = YES;
				GCC_C_LANGUAGE_STANDARD = gnu11;
				GCC_DYNAMIC_NO_PIC = NO;
				GCC_NO_COMMON_BLOCKS = YES;
				GCC_OPTIMIZATION_LEVEL = 0;
				GCC_PREPROCESSOR_DEFINITIONS = (
					"DEBUG=1",
					"$(inherited)",
				);
				GCC_WARN_64_TO_32_BIT_CONVERSION = YES;
				GCC_WARN_ABOUT_RETURN_TYPE = YES_ERROR;
				GCC_WARN_UNDECLARED_SELECTOR = YES;
				GCC_WARN_UNINITIALIZED_AUTOS = YES_AGGRESSIVE;
				GCC_WARN_UNUSED_FUNCTION = YES;
				GCC_WARN_UNUSED_VARIABLE = YES;
				IPHONEOS_DEPLOYMENT_TARGET = 16.0;
				MTL_ENABLE_DEBUG_INFO = INCLUDE_SOURCE;
				MTL_FAST_MATH = YES;
				ONLY_ACTIVE_ARCH = YES;
				SDKROOT = iphoneos;
			};
			name = Debug;
		};
		0AAE2142295A883700BC075D /* Release */ = {
			isa = XCBuildConfiguration;
			buildSettings = {
				ALWAYS_SEARCH_USER_PATHS = NO;
				CLANG_ANALYZER_NONNULL = YES;
				CLANG_ANALYZER_NUMBER_OBJECT_CONVERSION = YES_AGGRESSIVE;
				CLANG_CXX_LANGUAGE_STANDARD = "gnu++20";
				CLANG_ENABLE_MODULES = YES;
				CLANG_ENABLE_OBJC_ARC = YES;
				CLANG_ENABLE_OBJC_WEAK = YES;
				CLANG_WARN_BLOCK_CAPTURE_AUTORELEASING = YES;
				CLANG_WARN_BOOL_CONVERSION = YES;
				CLANG_WARN_COMMA = YES;
				CLANG_WARN_CONSTANT_CONVERSION = YES;
				CLANG_WARN_DEPRECATED_OBJC_IMPLEMENTATIONS = YES;
				CLANG_WARN_DIRECT_OBJC_ISA_USAGE = YES_ERROR;
				CLANG_WARN_DOCUMENTATION_COMMENTS = YES;
				CLANG_WARN_EMPTY_BODY = YES;
				CLANG_WARN_ENUM_CONVERSION = YES;
				CLANG_WARN_INFINITE_RECURSION = YES;
				CLANG_WARN_INT_CONVERSION = YES;
				CLANG_WARN_NON_LITERAL_NULL_CONVERSION = YES;
				CLANG_WARN_OBJC_IMPLICIT_RETAIN_SELF = YES;
				CLANG_WARN_OBJC_LITERAL_CONVERSION = YES;
				CLANG_WARN_OBJC_ROOT_CLASS = YES_ERROR;
				CLANG_WARN_QUOTED_INCLUDE_IN_FRAMEWORK_HEADER = YES;
				CLANG_WARN_RANGE_LOOP_ANALYSIS = YES;
				CLANG_WARN_STRICT_PROTOTYPES = YES;
				CLANG_WARN_SUSPICIOUS_MOVE = YES;
				CLANG_WARN_UNGUARDED_AVAILABILITY = YES_AGGRESSIVE;
				CLANG_WARN_UNREACHABLE_CODE = YES;
				CLANG_WARN__DUPLICATE_METHOD_MATCH = YES;
				COPY_PHASE_STRIP = NO;
				DEBUG_INFORMATION_FORMAT = "dwarf-with-dsym";
				ENABLE_NS_ASSERTIONS = NO;
				ENABLE_STRICT_OBJC_MSGSEND = YES;
				GCC_C_LANGUAGE_STANDARD = gnu11;
				GCC_NO_COMMON_BLOCKS = YES;
				GCC_WARN_64_TO_32_BIT_CONVERSION = YES;
				GCC_WARN_ABOUT_RETURN_TYPE = YES_ERROR;
				GCC_WARN_UNDECLARED_SELECTOR = YES;
				GCC_WARN_UNINITIALIZED_AUTOS = YES_AGGRESSIVE;
				GCC_WARN_UNUSED_FUNCTION = YES;
				GCC_WARN_UNUSED_VARIABLE = YES;
				IPHONEOS_DEPLOYMENT_TARGET = 16.0;
				MTL_ENABLE_DEBUG_INFO = NO;
				MTL_FAST_MATH = YES;
				SDKROOT = iphoneos;
				VALIDATE_PRODUCT = YES;
			};
			name = Release;
		};
		0AAE2144295A883700BC075D /* Debug */ = {
			isa = XCBuildConfiguration;
			buildSettings = {
				ASSETCATALOG_COMPILER_APPICON_NAME = AppIcon;
				ASSETCATALOG_COMPILER_GLOBAL_ACCENT_COLOR_NAME = AccentColor;
				CODE_SIGN_STYLE = Automatic;
				CURRENT_PROJECT_VERSION = 1;
				DEVELOPMENT_TEAM = W6PESGXW9M;
				FRAMEWORK_SEARCH_PATHS = (
					../../../Frameworks,
					"$(inherited)",
				);
				GCC_PREFIX_HEADER = "$(SRCROOT)/ImageDecodingObjC/PCH/Dynamsoft.pch";
				GENERATE_INFOPLIST_FILE = YES;
				INFOPLIST_FILE = ImageDecodingObjC/Info.plist;
				INFOPLIST_KEY_NSPhotoLibraryUsageDescription = "Image Decoding  Sample needs to access your photo library.";
				INFOPLIST_KEY_UIApplicationSupportsIndirectInputEvents = YES;
				INFOPLIST_KEY_UILaunchStoryboardName = LaunchScreen;
				INFOPLIST_KEY_UIMainStoryboardFile = Main;
				INFOPLIST_KEY_UIRequiresFullScreen = YES;
				INFOPLIST_KEY_UIStatusBarStyle = UIStatusBarStyleLightContent;
				INFOPLIST_KEY_UISupportedInterfaceOrientations = UIInterfaceOrientationPortrait;
				IPHONEOS_DEPLOYMENT_TARGET = 11.0;
				LD_RUNPATH_SEARCH_PATHS = (
					"$(inherited)",
					"@executable_path/Frameworks",
				);
				MARKETING_VERSION = 1.0;
				PRODUCT_BUNDLE_IDENTIFIER = com.dynamsoft.ImageDecodingObjC;
				PRODUCT_NAME = "$(TARGET_NAME)";
				SWIFT_EMIT_LOC_STRINGS = YES;
				TARGETED_DEVICE_FAMILY = "1,2";
				VALIDATE_WORKSPACE = YES;
			};
			name = Debug;
		};
		0AAE2145295A883700BC075D /* Release */ = {
			isa = XCBuildConfiguration;
			buildSettings = {
				ASSETCATALOG_COMPILER_APPICON_NAME = AppIcon;
				ASSETCATALOG_COMPILER_GLOBAL_ACCENT_COLOR_NAME = AccentColor;
				CODE_SIGN_STYLE = Automatic;
				CURRENT_PROJECT_VERSION = 1;
				DEVELOPMENT_TEAM = W6PESGXW9M;
				FRAMEWORK_SEARCH_PATHS = (
					../../../Frameworks,
					"$(inherited)",
				);
				GCC_PREFIX_HEADER = "$(SRCROOT)/ImageDecodingObjC/PCH/Dynamsoft.pch";
				GENERATE_INFOPLIST_FILE = YES;
				INFOPLIST_FILE = ImageDecodingObjC/Info.plist;
				INFOPLIST_KEY_NSPhotoLibraryUsageDescription = "Image Decoding  Sample needs to access your photo library.";
				INFOPLIST_KEY_UIApplicationSupportsIndirectInputEvents = YES;
				INFOPLIST_KEY_UILaunchStoryboardName = LaunchScreen;
				INFOPLIST_KEY_UIMainStoryboardFile = Main;
				INFOPLIST_KEY_UIRequiresFullScreen = YES;
				INFOPLIST_KEY_UIStatusBarStyle = UIStatusBarStyleLightContent;
				INFOPLIST_KEY_UISupportedInterfaceOrientations = UIInterfaceOrientationPortrait;
				IPHONEOS_DEPLOYMENT_TARGET = 11.0;
				LD_RUNPATH_SEARCH_PATHS = (
					"$(inherited)",
					"@executable_path/Frameworks",
				);
				MARKETING_VERSION = 1.0;
				PRODUCT_BUNDLE_IDENTIFIER = com.dynamsoft.ImageDecodingObjC;
				PRODUCT_NAME = "$(TARGET_NAME)";
				SWIFT_EMIT_LOC_STRINGS = YES;
				TARGETED_DEVICE_FAMILY = "1,2";
				VALIDATE_WORKSPACE = YES;
			};
			name = Release;
		};
/* End XCBuildConfiguration section */

/* Begin XCConfigurationList section */
		0AAE2125295A883500BC075D /* Build configuration list for PBXProject "ImageDecodingObjC" */ = {
			isa = XCConfigurationList;
			buildConfigurations = (
				0AAE2141295A883700BC075D /* Debug */,
				0AAE2142295A883700BC075D /* Release */,
			);
			defaultConfigurationIsVisible = 0;
			defaultConfigurationName = Release;
		};
		0AAE2143295A883700BC075D /* Build configuration list for PBXNativeTarget "ImageDecodingObjC" */ = {
			isa = XCConfigurationList;
			buildConfigurations = (
				0AAE2144295A883700BC075D /* Debug */,
				0AAE2145295A883700BC075D /* Release */,
			);
			defaultConfigurationIsVisible = 0;
			defaultConfigurationName = Release;
		};
/* End XCConfigurationList section */
	};
	rootObject = 0AAE2122295A883500BC075D /* Project object */;
}
