// !$*UTF8*$!
{
	archiveVersion = 1;
	classes = {
	};
	objectVersion = 56;
	objects = {

/* Begin PBXBuildFile section */
		68200C4D2C7EC79600392CAC /* DynamsoftBarcodeReader in Frameworks */ = {isa = PBXBuildFile; productRef = 68200C4C2C7EC79600392CAC /* DynamsoftBarcodeReader */; };
		68200C4F2C7EC79600392CAC /* DynamsoftCaptureVisionRouter in Frameworks */ = {isa = PBXBuildFile; productRef = 68200C4E2C7EC79600392CAC /* DynamsoftCaptureVisionRouter */; };
		68200C512C7EC79600392CAC /* DynamsoftCore in Frameworks */ = {isa = PBXBuildFile; productRef = 68200C502C7EC79600392CAC /* DynamsoftCore */; };
		68200C532C7EC79700392CAC /* DynamsoftImageProcessing in Frameworks */ = {isa = PBXBuildFile; productRef = 68200C522C7EC79700392CAC /* DynamsoftImageProcessing */; };
		68200C552C7EC79700392CAC /* DynamsoftLicense in Frameworks */ = {isa = PBXBuildFile; productRef = 68200C542C7EC79700392CAC /* DynamsoftLicense */; };
		684F20842AAB1740009658B7 /* AppDelegate.m in Sources */ = {isa = PBXBuildFile; fileRef = 684F20832AAB1740009658B7 /* AppDelegate.m */; };
		684F20872AAB1740009658B7 /* SceneDelegate.m in Sources */ = {isa = PBXBuildFile; fileRef = 684F20862AAB1740009658B7 /* SceneDelegate.m */; };
		684F208A2AAB1740009658B7 /* ViewController.m in Sources */ = {isa = PBXBuildFile; fileRef = 684F20892AAB1740009658B7 /* ViewController.m */; };
		684F208D2AAB1740009658B7 /* Main.storyboard in Resources */ = {isa = PBXBuildFile; fileRef = 684F208B2AAB1740009658B7 /* Main.storyboard */; };
		684F208F2AAB1740009658B7 /* Assets.xcassets in Resources */ = {isa = PBXBuildFile; fileRef = 684F208E2AAB1740009658B7 /* Assets.xcassets */; };
		684F20922AAB1740009658B7 /* LaunchScreen.storyboard in Resources */ = {isa = PBXBuildFile; fileRef = 684F20902AAB1740009658B7 /* LaunchScreen.storyboard */; };
		684F20952AAB1740009658B7 /* main.m in Sources */ = {isa = PBXBuildFile; fileRef = 684F20942AAB1740009658B7 /* main.m */; };
		684F209D2AAB177E009658B7 /* image-decoding.png in Resources */ = {isa = PBXBuildFile; fileRef = 684F209C2AAB177E009658B7 /* image-decoding.png */; };
/* End PBXBuildFile section */

/* Begin PBXCopyFilesBuildPhase section */
		684F20A22AAB1790009658B7 /* Embed Frameworks */ = {
			isa = PBXCopyFilesBuildPhase;
			buildActionMask = 2147483647;
			dstPath = "";
			dstSubfolderSpec = 10;
			files = (
			);
			name = "Embed Frameworks";
			runOnlyForDeploymentPostprocessing = 0;
		};
/* End PBXCopyFilesBuildPhase section */

/* Begin PBXFileReference section */
		684F207F2AAB1740009658B7 /* DecodeFromAnImageObjc.app */ = {isa = PBXFileReference; explicitFileType = wrapper.application; includeInIndex = 0; path = DecodeFromAnImageObjc.app; sourceTree = BUILT_PRODUCTS_DIR; };
		684F20822AAB1740009658B7 /* AppDelegate.h */ = {isa = PBXFileReference; lastKnownFileType = sourcecode.c.h; path = AppDelegate.h; sourceTree = "<group>"; };
		684F20832AAB1740009658B7 /* AppDelegate.m */ = {isa = PBXFileReference; lastKnownFileType = sourcecode.c.objc; path = AppDelegate.m; sourceTree = "<group>"; };
		684F20852AAB1740009658B7 /* SceneDelegate.h */ = {isa = PBXFileReference; lastKnownFileType = sourcecode.c.h; path = SceneDelegate.h; sourceTree = "<group>"; };
		684F20862AAB1740009658B7 /* SceneDelegate.m */ = {isa = PBXFileReference; lastKnownFileType = sourcecode.c.objc; path = SceneDelegate.m; sourceTree = "<group>"; };
		684F20882AAB1740009658B7 /* ViewController.h */ = {isa = PBXFileReference; lastKnownFileType = sourcecode.c.h; path = ViewController.h; sourceTree = "<group>"; };
		684F20892AAB1740009658B7 /* ViewController.m */ = {isa = PBXFileReference; lastKnownFileType = sourcecode.c.objc; path = ViewController.m; sourceTree = "<group>"; };
		684F208C2AAB1740009658B7 /* Base */ = {isa = PBXFileReference; lastKnownFileType = file.storyboard; name = Base; path = Base.lproj/Main.storyboard; sourceTree = "<group>"; };
		684F208E2AAB1740009658B7 /* Assets.xcassets */ = {isa = PBXFileReference; lastKnownFileType = folder.assetcatalog; path = Assets.xcassets; sourceTree = "<group>"; };
		684F20912AAB1740009658B7 /* Base */ = {isa = PBXFileReference; lastKnownFileType = file.storyboard; name = Base; path = Base.lproj/LaunchScreen.storyboard; sourceTree = "<group>"; };
		684F20932AAB1740009658B7 /* Info.plist */ = {isa = PBXFileReference; lastKnownFileType = text.plist.xml; path = Info.plist; sourceTree = "<group>"; };
		684F20942AAB1740009658B7 /* main.m */ = {isa = PBXFileReference; lastKnownFileType = sourcecode.c.objc; path = main.m; sourceTree = "<group>"; };
		684F209C2AAB177E009658B7 /* image-decoding.png */ = {isa = PBXFileReference; lastKnownFileType = image.png; path = "image-decoding.png"; sourceTree = "<group>"; };
/* End PBXFileReference section */

/* Begin PBXFrameworksBuildPhase section */
		684F207C2AAB1740009658B7 /* Frameworks */ = {
			isa = PBXFrameworksBuildPhase;
			buildActionMask = 2147483647;
			files = (
				68200C552C7EC79700392CAC /* DynamsoftLicense in Frameworks */,
				68200C512C7EC79600392CAC /* DynamsoftCore in Frameworks */,
				68200C532C7EC79700392CAC /* DynamsoftImageProcessing in Frameworks */,
				68200C4F2C7EC79600392CAC /* DynamsoftCaptureVisionRouter in Frameworks */,
				68200C4D2C7EC79600392CAC /* DynamsoftBarcodeReader in Frameworks */,
			);
			runOnlyForDeploymentPostprocessing = 0;
		};
/* End PBXFrameworksBuildPhase section */

/* Begin PBXGroup section */
		684F20762AAB1740009658B7 = {
			isa = PBXGroup;
			children = (
				684F20812AAB1740009658B7 /* DecodeFromAnImageObjc */,
				684F20802AAB1740009658B7 /* Products */,
				684F209E2AAB178F009658B7 /* Frameworks */,
			);
			sourceTree = "<group>";
		};
		684F20802AAB1740009658B7 /* Products */ = {
			isa = PBXGroup;
			children = (
				684F207F2AAB1740009658B7 /* DecodeFromAnImageObjc.app */,
			);
			name = Products;
			sourceTree = "<group>";
		};
		684F20812AAB1740009658B7 /* DecodeFromAnImageObjc */ = {
			isa = PBXGroup;
			children = (
				684F209B2AAB177E009658B7 /* Resource */,
				684F20822AAB1740009658B7 /* AppDelegate.h */,
				684F20832AAB1740009658B7 /* AppDelegate.m */,
				684F20852AAB1740009658B7 /* SceneDelegate.h */,
				684F20862AAB1740009658B7 /* SceneDelegate.m */,
				684F20882AAB1740009658B7 /* ViewController.h */,
				684F20892AAB1740009658B7 /* ViewController.m */,
				684F208B2AAB1740009658B7 /* Main.storyboard */,
				684F208E2AAB1740009658B7 /* Assets.xcassets */,
				684F20902AAB1740009658B7 /* LaunchScreen.storyboard */,
				684F20932AAB1740009658B7 /* Info.plist */,
				684F20942AAB1740009658B7 /* main.m */,
			);
			path = DecodeFromAnImageObjc;
			sourceTree = "<group>";
		};
		684F209B2AAB177E009658B7 /* Resource */ = {
			isa = PBXGroup;
			children = (
				684F209C2AAB177E009658B7 /* image-decoding.png */,
			);
			path = Resource;
			sourceTree = "<group>";
		};
		684F209E2AAB178F009658B7 /* Frameworks */ = {
			isa = PBXGroup;
			children = (
			);
			name = Frameworks;
			sourceTree = "<group>";
		};
/* End PBXGroup section */

/* Begin PBXNativeTarget section */
		684F207E2AAB1740009658B7 /* DecodeFromAnImageObjc */ = {
			isa = PBXNativeTarget;
			buildConfigurationList = 684F20982AAB1740009658B7 /* Build configuration list for PBXNativeTarget "DecodeFromAnImageObjc" */;
			buildPhases = (
				684F207B2AAB1740009658B7 /* Sources */,
				684F207C2AAB1740009658B7 /* Frameworks */,
				684F207D2AAB1740009658B7 /* Resources */,
				684F20A22AAB1790009658B7 /* Embed Frameworks */,
			);
			buildRules = (
			);
			dependencies = (
			);
			name = DecodeFromAnImageObjc;
			packageProductDependencies = (
				68200C4C2C7EC79600392CAC /* DynamsoftBarcodeReader */,
				68200C4E2C7EC79600392CAC /* DynamsoftCaptureVisionRouter */,
				68200C502C7EC79600392CAC /* DynamsoftCore */,
				68200C522C7EC79700392CAC /* DynamsoftImageProcessing */,
				68200C542C7EC79700392CAC /* DynamsoftLicense */,
			);
			productName = DecodeFromAnImageObjc;
			productReference = 684F207F2AAB1740009658B7 /* DecodeFromAnImageObjc.app */;
			productType = "com.apple.product-type.application";
		};
/* End PBXNativeTarget section */

/* Begin PBXProject section */
		684F20772AAB1740009658B7 /* Project object */ = {
			isa = PBXProject;
			attributes = {
				LastUpgradeCheck = 1430;
				TargetAttributes = {
					684F207E2AAB1740009658B7 = {
						CreatedOnToolsVersion = 14.3.1;
					};
				};
			};
			buildConfigurationList = 684F207A2AAB1740009658B7 /* Build configuration list for PBXProject "DecodeFromAnImageObjc" */;
			compatibilityVersion = "Xcode 14.0";
			developmentRegion = en;
			hasScannedForEncodings = 0;
			knownRegions = (
				en,
				Base,
			);
			mainGroup = 684F20762AAB1740009658B7;
			packageReferences = (
				68200C4B2C7EC79600392CAC /* XCRemoteSwiftPackageReference "barcode-reader-spm" */,
			);
			productRefGroup = 684F20802AAB1740009658B7 /* Products */;
			projectDirPath = "";
			projectRoot = "";
			targets = (
				684F207E2AAB1740009658B7 /* DecodeFromAnImageObjc */,
			);
		};
/* End PBXProject section */

/* Begin PBXResourcesBuildPhase section */
		684F207D2AAB1740009658B7 /* Resources */ = {
			isa = PBXResourcesBuildPhase;
			buildActionMask = 2147483647;
			files = (
				684F20922AAB1740009658B7 /* LaunchScreen.storyboard in Resources */,
				684F208F2AAB1740009658B7 /* Assets.xcassets in Resources */,
				684F209D2AAB177E009658B7 /* image-decoding.png in Resources */,
				684F208D2AAB1740009658B7 /* Main.storyboard in Resources */,
			);
			runOnlyForDeploymentPostprocessing = 0;
		};
/* End PBXResourcesBuildPhase section */

/* Begin PBXSourcesBuildPhase section */
		684F207B2AAB1740009658B7 /* Sources */ = {
			isa = PBXSourcesBuildPhase;
			buildActionMask = 2147483647;
			files = (
				684F208A2AAB1740009658B7 /* ViewController.m in Sources */,
				684F20842AAB1740009658B7 /* AppDelegate.m in Sources */,
				684F20952AAB1740009658B7 /* main.m in Sources */,
				684F20872AAB1740009658B7 /* SceneDelegate.m in Sources */,
			);
			runOnlyForDeploymentPostprocessing = 0;
		};
/* End PBXSourcesBuildPhase section */

/* Begin PBXVariantGroup section */
		684F208B2AAB1740009658B7 /* Main.storyboard */ = {
			isa = PBXVariantGroup;
			children = (
				684F208C2AAB1740009658B7 /* Base */,
			);
			name = Main.storyboard;
			sourceTree = "<group>";
		};
		684F20902AAB1740009658B7 /* LaunchScreen.storyboard */ = {
			isa = PBXVariantGroup;
			children = (
				684F20912AAB1740009658B7 /* Base */,
			);
			name = LaunchScreen.storyboard;
			sourceTree = "<group>";
		};
/* End PBXVariantGroup section */

/* Begin XCBuildConfiguration section */
		684F20962AAB1740009658B7 /* Debug */ = {
			isa = XCBuildConfiguration;
			buildSettings = {
				ALWAYS_SEARCH_USER_PATHS = NO;
				CLANG_ANALYZER_NONNULL = YES;
				CLANG_ANALYZER_NUMBER_OBJECT_CONVERSION = YES_AGGRESSIVE;
				CLANG_CXX_LANGUAGE_STANDARD = "gnu++20";
				CLANG_ENABLE_MODULES = YES;
				CLANG_ENABLE_OBJC_ARC = YES;
				CLANG_ENABLE_OBJC_WEAK = YES;
				CLANG_WARN_BLOCK_CAPTURE_AUTORELEASING = YES;
				CLANG_WARN_BOOL_CONVERSION = YES;
				CLANG_WARN_COMMA = YES;
				CLANG_WARN_CONSTANT_CONVERSION = YES;
				CLANG_WARN_DEPRECATED_OBJC_IMPLEMENTATIONS = YES;
				CLANG_WARN_DIRECT_OBJC_ISA_USAGE = YES_ERROR;
				CLANG_WARN_DOCUMENTATION_COMMENTS = YES;
				CLANG_WARN_EMPTY_BODY = YES;
				CLANG_WARN_ENUM_CONVERSION = YES;
				CLANG_WARN_INFINITE_RECURSION = YES;
				CLANG_WARN_INT_CONVERSION = YES;
				CLANG_WARN_NON_LITERAL_NULL_CONVERSION = YES;
				CLANG_WARN_OBJC_IMPLICIT_RETAIN_SELF = YES;
				CLANG_WARN_OBJC_LITERAL_CONVERSION = YES;
				CLANG_WARN_OBJC_ROOT_CLASS = YES_ERROR;
				CLANG_WARN_QUOTED_INCLUDE_IN_FRAMEWORK_HEADER = YES;
				CLANG_WARN_RANGE_LOOP_ANALYSIS = YES;
				CLANG_WARN_STRICT_PROTOTYPES = YES;
				CLANG_WARN_SUSPICIOUS_MOVE = YES;
				CLANG_WARN_UNGUARDED_AVAILABILITY = YES_AGGRESSIVE;
				CLANG_WARN_UNREACHABLE_CODE = YES;
				CLANG_WARN__DUPLICATE_METHOD_MATCH = YES;
				COPY_PHASE_STRIP = NO;
				DEBUG_INFORMATION_FORMAT = dwarf;
				ENABLE_STRICT_OBJC_MSGSEND = YES;
				ENABLE_TESTABILITY = YES;
				GCC_C_LANGUAGE_STANDARD = gnu11;
				GCC_DYNAMIC_NO_PIC = NO;
				GCC_NO_COMMON_BLOCKS = YES;
				GCC_OPTIMIZATION_LEVEL = 0;
				GCC_PREPROCESSOR_DEFINITIONS = (
					"DEBUG=1",
					"$(inherited)",
				);
				GCC_WARN_64_TO_32_BIT_CONVERSION = YES;
				GCC_WARN_ABOUT_RETURN_TYPE = YES_ERROR;
				GCC_WARN_UNDECLARED_SELECTOR = YES;
				GCC_WARN_UNINITIALIZED_AUTOS = YES_AGGRESSIVE;
				GCC_WARN_UNUSED_FUNCTION = YES;
				GCC_WARN_UNUSED_VARIABLE = YES;
				IPHONEOS_DEPLOYMENT_TARGET = 16.4;
				MTL_ENABLE_DEBUG_INFO = INCLUDE_SOURCE;
				MTL_FAST_MATH = YES;
				ONLY_ACTIVE_ARCH = YES;
				SDKROOT = iphoneos;
			};
			name = Debug;
		};
		684F20972AAB1740009658B7 /* Release */ = {
			isa = XCBuildConfiguration;
			buildSettings = {
				ALWAYS_SEARCH_USER_PATHS = NO;
				CLANG_ANALYZER_NONNULL = YES;
				CLANG_ANALYZER_NUMBER_OBJECT_CONVERSION = YES_AGGRESSIVE;
				CLANG_CXX_LANGUAGE_STANDARD = "gnu++20";
				CLANG_ENABLE_MODULES = YES;
				CLANG_ENABLE_OBJC_ARC = YES;
				CLANG_ENABLE_OBJC_WEAK = YES;
				CLANG_WARN_BLOCK_CAPTURE_AUTORELEASING = YES;
				CLANG_WARN_BOOL_CONVERSION = YES;
				CLANG_WARN_COMMA = YES;
				CLANG_WARN_CONSTANT_CONVERSION = YES;
				CLANG_WARN_DEPRECATED_OBJC_IMPLEMENTATIONS = YES;
				CLANG_WARN_DIRECT_OBJC_ISA_USAGE = YES_ERROR;
				CLANG_WARN_DOCUMENTATION_COMMENTS = YES;
				CLANG_WARN_EMPTY_BODY = YES;
				CLANG_WARN_ENUM_CONVERSION = YES;
				CLANG_WARN_INFINITE_RECURSION = YES;
				CLANG_WARN_INT_CONVERSION = YES;
				CLANG_WARN_NON_LITERAL_NULL_CONVERSION = YES;
				CLANG_WARN_OBJC_IMPLICIT_RETAIN_SELF = YES;
				CLANG_WARN_OBJC_LITERAL_CONVERSION = YES;
				CLANG_WARN_OBJC_ROOT_CLASS = YES_ERROR;
				CLANG_WARN_QUOTED_INCLUDE_IN_FRAMEWORK_HEADER = YES;
				CLANG_WARN_RANGE_LOOP_ANALYSIS = YES;
				CLANG_WARN_STRICT_PROTOTYPES = YES;
				CLANG_WARN_SUSPICIOUS_MOVE = YES;
				CLANG_WARN_UNGUARDED_AVAILABILITY = YES_AGGRESSIVE;
				CLANG_WARN_UNREACHABLE_CODE = YES;
				CLANG_WARN__DUPLICATE_METHOD_MATCH = YES;
				COPY_PHASE_STRIP = NO;
				DEBUG_INFORMATION_FORMAT = "dwarf-with-dsym";
				ENABLE_NS_ASSERTIONS = NO;
				ENABLE_STRICT_OBJC_MSGSEND = YES;
				GCC_C_LANGUAGE_STANDARD = gnu11;
				GCC_NO_COMMON_BLOCKS = YES;
				GCC_WARN_64_TO_32_BIT_CONVERSION = YES;
				GCC_WARN_ABOUT_RETURN_TYPE = YES_ERROR;
				GCC_WARN_UNDECLARED_SELECTOR = YES;
				GCC_WARN_UNINITIALIZED_AUTOS = YES_AGGRESSIVE;
				GCC_WARN_UNUSED_FUNCTION = YES;
				GCC_WARN_UNUSED_VARIABLE = YES;
				IPHONEOS_DEPLOYMENT_TARGET = 16.4;
				MTL_ENABLE_DEBUG_INFO = NO;
				MTL_FAST_MATH = YES;
				SDKROOT = iphoneos;
				VALIDATE_PRODUCT = YES;
			};
			name = Release;
		};
		684F20992AAB1740009658B7 /* Debug */ = {
			isa = XCBuildConfiguration;
			buildSettings = {
				ASSETCATALOG_COMPILER_APPICON_NAME = AppIcon;
				ASSETCATALOG_COMPILER_GLOBAL_ACCENT_COLOR_NAME = AccentColor;
				CODE_SIGN_STYLE = Automatic;
				CURRENT_PROJECT_VERSION = 1;
				DEVELOPMENT_TEAM = W6PESGXW9M;
				GENERATE_INFOPLIST_FILE = YES;
				INFOPLIST_FILE = DecodeFromAnImageObjc/Info.plist;
				INFOPLIST_KEY_UIApplicationSupportsIndirectInputEvents = YES;
				INFOPLIST_KEY_UILaunchStoryboardName = LaunchScreen;
				INFOPLIST_KEY_UIMainStoryboardFile = Main;
				INFOPLIST_KEY_UISupportedInterfaceOrientations_iPad = "UIInterfaceOrientationPortrait UIInterfaceOrientationPortraitUpsideDown UIInterfaceOrientationLandscapeLeft UIInterfaceOrientationLandscapeRight";
				INFOPLIST_KEY_UISupportedInterfaceOrientations_iPhone = "UIInterfaceOrientationPortrait UIInterfaceOrientationLandscapeLeft UIInterfaceOrientationLandscapeRight";
				IPHONEOS_DEPLOYMENT_TARGET = 13.0;
				LD_RUNPATH_SEARCH_PATHS = (
					"$(inherited)",
					"@executable_path/Frameworks",
				);
				MARKETING_VERSION = 1.0;
				PRODUCT_BUNDLE_IDENTIFIER = com.dynamsoft.dbr.DecodeFromAnImageObjc;
				PRODUCT_NAME = "$(TARGET_NAME)";
				SWIFT_EMIT_LOC_STRINGS = YES;
				TARGETED_DEVICE_FAMILY = "1,2";
			};
			name = Debug;
		};
		684F209A2AAB1740009658B7 /* Release */ = {
			isa = XCBuildConfiguration;
			buildSettings = {
				ASSETCATALOG_COMPILER_APPICON_NAME = AppIcon;
				ASSETCATALOG_COMPILER_GLOBAL_ACCENT_COLOR_NAME = AccentColor;
				CODE_SIGN_STYLE = Automatic;
				CURRENT_PROJECT_VERSION = 1;
				DEVELOPMENT_TEAM = W6PESGXW9M;
				GENERATE_INFOPLIST_FILE = YES;
				INFOPLIST_FILE = DecodeFromAnImageObjc/Info.plist;
				INFOPLIST_KEY_UIApplicationSupportsIndirectInputEvents = YES;
				INFOPLIST_KEY_UILaunchStoryboardName = LaunchScreen;
				INFOPLIST_KEY_UIMainStoryboardFile = Main;
				INFOPLIST_KEY_UISupportedInterfaceOrientations_iPad = "UIInterfaceOrientationPortrait UIInterfaceOrientationPortraitUpsideDown UIInterfaceOrientationLandscapeLeft UIInterfaceOrientationLandscapeRight";
				INFOPLIST_KEY_UISupportedInterfaceOrientations_iPhone = "UIInterfaceOrientationPortrait UIInterfaceOrientationLandscapeLeft UIInterfaceOrientationLandscapeRight";
				IPHONEOS_DEPLOYMENT_TARGET = 13.0;
				LD_RUNPATH_SEARCH_PATHS = (
					"$(inherited)",
					"@executable_path/Frameworks",
				);
				MARKETING_VERSION = 1.0;
				PRODUCT_BUNDLE_IDENTIFIER = com.dynamsoft.dbr.DecodeFromAnImageObjc;
				PRODUCT_NAME = "$(TARGET_NAME)";
				SWIFT_EMIT_LOC_STRINGS = YES;
				TARGETED_DEVICE_FAMILY = "1,2";
			};
			name = Release;
		};
/* End XCBuildConfiguration section */

/* Begin XCConfigurationList section */
		684F207A2AAB1740009658B7 /* Build configuration list for PBXProject "DecodeFromAnImageObjc" */ = {
			isa = XCConfigurationList;
			buildConfigurations = (
				684F20962AAB1740009658B7 /* Debug */,
				684F20972AAB1740009658B7 /* Release */,
			);
			defaultConfigurationIsVisible = 0;
			defaultConfigurationName = Release;
		};
		684F20982AAB1740009658B7 /* Build configuration list for PBXNativeTarget "DecodeFromAnImageObjc" */ = {
			isa = XCConfigurationList;
			buildConfigurations = (
				684F20992AAB1740009658B7 /* Debug */,
				684F209A2AAB1740009658B7 /* Release */,
			);
			defaultConfigurationIsVisible = 0;
			defaultConfigurationName = Release;
		};
/* End XCConfigurationList section */

/* Begin XCRemoteSwiftPackageReference section */
		68200C4B2C7EC79600392CAC /* XCRemoteSwiftPackageReference "barcode-reader-spm" */ = {
			isa = XCRemoteSwiftPackageReference;
			repositoryURL = "https://github.com/Dynamsoft/barcode-reader-spm";
			requirement = {
				kind = exactVersion;
				version = 10.4.2001;
			};
		};
/* End XCRemoteSwiftPackageReference section */

/* Begin XCSwiftPackageProductDependency section */
		68200C4C2C7EC79600392CAC /* DynamsoftBarcodeReader */ = {
			isa = XCSwiftPackageProductDependency;
			package = 68200C4B2C7EC79600392CAC /* XCRemoteSwiftPackageReference "barcode-reader-spm" */;
			productName = DynamsoftBarcodeReader;
		};
		68200C4E2C7EC79600392CAC /* DynamsoftCaptureVisionRouter */ = {
			isa = XCSwiftPackageProductDependency;
			package = 68200C4B2C7EC79600392CAC /* XCRemoteSwiftPackageReference "barcode-reader-spm" */;
			productName = DynamsoftCaptureVisionRouter;
		};
		68200C502C7EC79600392CAC /* DynamsoftCore */ = {
			isa = XCSwiftPackageProductDependency;
			package = 68200C4B2C7EC79600392CAC /* XCRemoteSwiftPackageReference "barcode-reader-spm" */;
			productName = DynamsoftCore;
		};
		68200C522C7EC79700392CAC /* DynamsoftImageProcessing */ = {
			isa = XCSwiftPackageProductDependency;
			package = 68200C4B2C7EC79600392CAC /* XCRemoteSwiftPackageReference "barcode-reader-spm" */;
			productName = DynamsoftImageProcessing;
		};
		68200C542C7EC79700392CAC /* DynamsoftLicense */ = {
			isa = XCSwiftPackageProductDependency;
			package = 68200C4B2C7EC79600392CAC /* XCRemoteSwiftPackageReference "barcode-reader-spm" */;
			productName = DynamsoftLicense;
		};
/* End XCSwiftPackageProductDependency section */
	};
	rootObject = 684F20772AAB1740009658B7 /* Project object */;
}
